{
  "version": 4,
  "terraform_version": "1.5.7",
  "serial": 96,
  "lineage": "251b78ff-3022-fd8e-3edf-a13f20df1c5c",
  "outputs": {
    "acr_login_server": {
      "value": "todoregistryxyz.azurecr.io",
      "type": "string"
    },
    "aks_client_certificate": {
      "value": "LS0tLS1CRUdJTiBDRVJUSUZJQ0FURS0tLS0tCk1JSUZIVENDQXdXZ0F3SUJBZ0lRWXg3RFRudHZjcG5RbmtvK213RnlUekFOQmdrcWhraUc5dzBCQVFzRkFEQU4KTVFzd0NRWURWUVFERXdKallUQWVGdzB5TlRBMk1qTXhNVFV3TVRKYUZ3MHlOekEyTWpNeE1qQXdNVEphTURBeApGekFWQmdOVkJBb1REbk41YzNSbGJUcHRZWE4wWlhKek1SVXdFd1lEVlFRREV3eHRZWE4wWlhKamJHbGxiblF3CmdnSWlNQTBHQ1NxR1NJYjNEUUVCQVFVQUE0SUNEd0F3Z2dJS0FvSUNBUURaSEtYM1FmS0lZUyttcUNXbDM2YUUKQTZmdk90cjFzZjNtbGE3cVZ6M3J3MlBPVFlsWlJLNHpMSzZ2WE4vMGFBd3dkTkhkaDFwSFkraDhyY25TdTgxbQp5Tkp6QUc4ZElsazNkREc1bVRTZkZsb215WmZCeUpHVjhrZXh0SytmbEp1ZGpCcmt0Nkl4L1VlNTUzNUpSQWlTCllhQXpibnlFc0xIV2VKQmcxTGk4b3dJZFBzSHpBNDBmcUp4cHQ0dmdZWHBRMElubnJOamo2TjVYbEJ5MFg0MDUKeEpVTUt4V0tKaW80Tm05NnE4cDROU2FHK3Byb2FpSHFMZC9LWWorWjUrbTFuTThMUVB4MFU2T2FOMXJjZmJDcgpldFpaMHRRV1V4RWZpVFJqdkk2Y3N0SmxKR05SM0NVNU5vVkhoWE5Ici9tL0dkNmRQS1NZWEp6RkZoOWQrSWtRCm1rcVIrbHEwVzM2cmJremY3SFhpK3Q4aG1Rb1JlRmd2TzZ6OXhlb2hFOXdJSDAwbno1MjM3ZXZhYTJFTnpUVmoKdXhtYmRQUHhUcXA3TVN6RWJXSFZlWW42eXFHL0pvRUlUbGNoSHphV3h5bE04NUtseXJJWUpJS1ZUWTFoaXZDRAphQXk5TXB6Q2RQUXdWRkVva3JZVnE4WTdSZkY3Z2crNjVjOVgxU2FwZmk3K0NSeENXZUlheS9XZndPem1vZ3g4ClZrZnhIY3BwREJZeHV6allaSlYvLzllNU96ZkRXdzNneXpMTk85Uzd3WEN4MW01MDdhQU5YN25DZW50cUFjY2EKTHVtdUYxc3pZdXFvenZ0ZFVJNXNJNzFScGxRNGlpejQwMk5SUldCSFFWWisySlM3QmZuV0RROFhZSktIZEpmRwpiTTE1ZWlSRCtwTnl6a1R3VHBVNGtRSURBUUFCbzFZd1ZEQU9CZ05WSFE4QkFmOEVCQU1DQmFBd0V3WURWUjBsCkJBd3dDZ1lJS3dZQkJRVUhBd0l3REFZRFZSMFRBUUgvQkFJd0FEQWZCZ05WSFNNRUdEQVdnQlNTTDFSOS9DVC8KODc2V0o3Y21BbEd0Qno4OTV6QU5CZ2txaGtpRzl3MEJBUXNGQUFPQ0FnRUFjWXZaVnFodkZacVdUSGNtciswVQpsOUlNa05tdVRBdVp6aEhCN0x5ejVGWkdleStqRk50WWhYWitpYUVGSlZhcFJqRkg0QW9QVVRZK3pqT2xHRnNZCmJQd2FSOGRRNmlzRnptdlJlSkNwU3JTUUhVQkd0dENrSTU2bWhSQjNmcGxSK1I3RjdTM3BwU3hlWDZxN1FMTmYKdnppWE1qdGQ1NlNramNhSXFlVGh0dWJoZ1o4S1oyUS94em95WVJDNnVCTXViTXVQSW9udWVrNXVjRTQ3V1grcgpMUDNoOThrNyszTkVEMGRFalJMYlhwMXZpNE9qSkRDVE1WMEhRNG9RK2hJUEZSdXQ1aUZUZXlQS3hVbXMwT0VqCjBHTk9JMXpuZ0s4S0pFUmw1R3BjcGVuLytwc1JyOEFRa3gxdW1WcHpYMXB6N3ZkbmsrWlNNM29scHRUekVXRFYKVEJDU0Z4NFVmRHZKNm1CUk1ETnM4VUNscS8yM1c2elBobyt0WWUxL2ppbmVzWEpRKzBvd3E5bW1NS3UwSHF1NQpJQ01RckJacEs3RnJENWU5bkRtR1Y0Sitmd1R5ZjRrenFHaVFpNEpqd3VVNFBhSUNWMStLS05USlBFN3lERXZaClRnNVVmTE9pMTlLQ3dicHFSV1FwMllVMUtBaCs1dTFkYlJoYWF6MHdObHBXUFRuM2FEdnhtR3d0ZU4xTkhFa0sKZmpmUUVNNEd6TVRJVTBQRnhFRFNsOHl1aXpDK3dkekZ3RVY2Q1BOSUhYTCtjRWFBS01UcEtyVzVocVRxbWhpdQp4QzBWaUx4QnQ2VWdpajlNaytMaDAraEVQVFVoYjJXZnROZEhabndRenNvYWNnZkVDc2VEOGpETHZBeTdJZGxHCjZyN2cwWTFidjAvOGVxbHpnZ25zZjBNPQotLS0tLUVORCBDRVJUSUZJQ0FURS0tLS0tCg==",
      "type": "string",
      "sensitive": true
    },
    "aks_cluster_name": {
      "value": "todo-aks",
      "type": "string"
    },
    "container_registry_name": {
      "value": "todoregistryxyz",
      "type": "string"
    },
    "github_identity_client_id": {
      "value": "c90413f3-cf67-41b9-a461-572408e2846d",
      "type": "string"
    },
    "github_identity_principal_id": {
      "value": "37b3e523-4f2c-4f44-81c8-3e34c367e4de",
      "type": "string"
    },
    "key_vault_uri": {
      "value": "https://todo-kv-dev.vault.azure.net/",
      "type": "string"
    },
    "keyvault_name": {
      "value": "todo-kv-dev",
      "type": "string"
    },
    "kube_config": {
      "value": "apiVersion: v1\nclusters:\n- cluster:\n    certificate-authority-data: LS0tLS1CRUdJTiBDRVJUSUZJQ0FURS0tLS0tCk1JSUU2VENDQXRHZ0F3SUJBZ0lSQUlJRDIyNmtKU0R0MUNVS0ZTY2hRZVl3RFFZSktvWklodmNOQVFFTEJRQXcKRFRFTE1Ba0dBMVVFQXhNQ1kyRXdJQmNOTWpVd05qSXpNVEUxTURFeVdoZ1BNakExTlRBMk1qTXhNakF3TVRKYQpNQTB4Q3pBSkJnTlZCQU1UQW1OaE1JSUNJakFOQmdrcWhraUc5dzBCQVFFRkFBT0NBZzhBTUlJQ0NnS0NBZ0VBCnNmZjl6NHNOREg0MWNTRk5IK3VZcldqRDYxR01CMG5LaElWUUhoa1pzdTBtazBySUIrUFkxcDE1MXd4cmRkUzcKQnZFSUxnVG00UHhDMUZqVmFHMERTVXZvYXhDNDNEYlJDSEpEZWd3VjlITFdtQVBwejFIMmxCb3EwWER0ejJndQpxTHFJN1dNYStSWDVhdW9iWnhIaTNqOGI1ZC9jZ1NjSXVLRUprbklqcFhrUmlvWnBrdEphYitWVS9ncklmdVJFClkyMUxkWW1SWmdVb3BzUExYQ2ZDaXhydDlsalQySmxOZ2IrY3FycjhKN3hHV1dYZUFuczRTQ1RBc084OXdEcFIKbXBKM1B3VUpPdGRVTy9LSzBQZHVDOHhVQTN6VTBqOXF4UnlTM0ZvcTVja3J5RjBQZ3ovelkzM1gzMCtEeVY5dgpKSE9tb3k4QmlWVFVSd1dUSGkrZmRmS2FRVlRqSFZjdy9qbllNeFBiZ0NHVUtGeDI1cWFoSGlXY0U4bFU4eVcvCkg5OTBsd2tHeVJIdWZuTFlYYlI5NWc4ajNJMVNyUHRBZVozMVBjL1JLcGhBRStzbGlvRjY2RTU4ME5NQ0VpYzUKdkRocGkxYUlscDJwVHNna3o4ZnpDRGlmeU1ERTVyWUZ3QXc5TmpZMFF3NmJLNHBUV092Y0JFNjcvZTdMQnBzWQpFaFNQaTZRS3hjcFAyNkNWT0lmZ21zRHFGZG14S3NFcW91bFN0SHlDTnVsWk5tbm1VRzRNdGM4em90L1l0enh1Ci9KL2FMQ3poZTJCTURlNzkvb0c1QVRxckJVeHdJMzFTZE53VDhocnVicFF1ZUtwVDd6T2xubzR3Z1AweEZod1YKWkZucDN5ZW42ZjRnMTExT2tBS0VhTEtmTmxIVmlvSGM5YnIxTEZrajN5Y0NBd0VBQWFOQ01FQXdEZ1lEVlIwUApBUUgvQkFRREFnS2tNQThHQTFVZEV3RUIvd1FGTUFNQkFmOHdIUVlEVlIwT0JCWUVGSkl2VkgzOEpQL3p2cFluCnR5WUNVYTBIUHozbk1BMEdDU3FHU0liM0RRRUJDd1VBQTRJQ0FRQTdWTXU0K2ZIMEg2eW01Q2NSVklUekw5azcKMU5VdVJHS3I0a21yMG9WNGpneVVEUWU4VGNCOHJFaWFBcy91Yms0Z3J1b084czJsN0JxbDMyNUs1Uk9sSFVwawo1TTV5ckl5TTBiSjFacEZOcU92UzZsWVAzdEJQckVRNkFEUDlxS2VQZVpKWjNIdURKNk1CL1QrUzVXWlkrRG5MCmFtOGxUR0h6TCt1TlJvVHkyK2daYkZmQzYrY2ZXV1BxaThmWVZnQ2JJcVNaZzdya0JiVkl1QWxDZkZ6K0hMVGoKbkRIVVBaVkJuR3RRczVPTHQyYWVTeUIvVTVtL1VCOVNvY2d2eEJkYzNzWFFRMTMyOUtVNHIvbW8rRnJjT0VzYQpIanM0Q2dxRDFwTnpieXpjMmhjWURtMjJJNHRMa1BoTU9zSE8zWXRVem5JdmZvOEVVajg4S2xmL052TlA4bEJCCitHRjkxUDNzMW1VWlpNQWFHZUZSaG05NUR6bVNsdzdWSWRLdzJXcjkzODB6djB0Rk9aWnpxSm5iSkI5UnVlamQKdDYvUXFJc2NRZmFNbmZ2dmxLOVo5WnlHL2RWMDNtdm1XRDg4VzFHT0dLdXg5SnorWnRHOWdDNVNyQXI4Q1FnVgpjWnZNenAvSXluR3c4dXpFTXZhRThDcVhMaEZ6V0dBdkpLY3kwQnNaQXJ3UnhvRXBJZ0RKOTRsRmFvbkljUHUxCjRsUGJjeUVMbVRoV08rWkkrazhCYktDN2Y5ZnNpL0krT2p3cEFoWmZRVi95U3dCS2hiYjRUMHNwVGRySW03amEKU25ubHlFeGEyT1R5M2pRdDI4TFYwZHVnS2swS2FVTm9GVFU4TFdqeFZRUkxzRjdMWHExM2dOM0FYNVh0OFo0YQpNTlF6MUQ2amt4a24rdE9jN3c9PQotLS0tLUVORCBDRVJUSUZJQ0FURS0tLS0tCg==\n    server: https://todo-dev-dns-egmmkume.hcp.canadacentral.azmk8s.io:443\n  name: todo-aks\ncontexts:\n- context:\n    cluster: todo-aks\n    user: clusterUser_todo-rg-dev_todo-aks\n  name: todo-aks\ncurrent-context: todo-aks\nkind: Config\npreferences: {}\nusers:\n- name: clusterUser_todo-rg-dev_todo-aks\n  user:\n    client-certificate-data: LS0tLS1CRUdJTiBDRVJUSUZJQ0FURS0tLS0tCk1JSUZIVENDQXdXZ0F3SUJBZ0lRWXg3RFRudHZjcG5RbmtvK213RnlUekFOQmdrcWhraUc5dzBCQVFzRkFEQU4KTVFzd0NRWURWUVFERXdKallUQWVGdzB5TlRBMk1qTXhNVFV3TVRKYUZ3MHlOekEyTWpNeE1qQXdNVEphTURBeApGekFWQmdOVkJBb1REbk41YzNSbGJUcHRZWE4wWlhKek1SVXdFd1lEVlFRREV3eHRZWE4wWlhKamJHbGxiblF3CmdnSWlNQTBHQ1NxR1NJYjNEUUVCQVFVQUE0SUNEd0F3Z2dJS0FvSUNBUURaSEtYM1FmS0lZUyttcUNXbDM2YUUKQTZmdk90cjFzZjNtbGE3cVZ6M3J3MlBPVFlsWlJLNHpMSzZ2WE4vMGFBd3dkTkhkaDFwSFkraDhyY25TdTgxbQp5Tkp6QUc4ZElsazNkREc1bVRTZkZsb215WmZCeUpHVjhrZXh0SytmbEp1ZGpCcmt0Nkl4L1VlNTUzNUpSQWlTCllhQXpibnlFc0xIV2VKQmcxTGk4b3dJZFBzSHpBNDBmcUp4cHQ0dmdZWHBRMElubnJOamo2TjVYbEJ5MFg0MDUKeEpVTUt4V0tKaW80Tm05NnE4cDROU2FHK3Byb2FpSHFMZC9LWWorWjUrbTFuTThMUVB4MFU2T2FOMXJjZmJDcgpldFpaMHRRV1V4RWZpVFJqdkk2Y3N0SmxKR05SM0NVNU5vVkhoWE5Ici9tL0dkNmRQS1NZWEp6RkZoOWQrSWtRCm1rcVIrbHEwVzM2cmJremY3SFhpK3Q4aG1Rb1JlRmd2TzZ6OXhlb2hFOXdJSDAwbno1MjM3ZXZhYTJFTnpUVmoKdXhtYmRQUHhUcXA3TVN6RWJXSFZlWW42eXFHL0pvRUlUbGNoSHphV3h5bE04NUtseXJJWUpJS1ZUWTFoaXZDRAphQXk5TXB6Q2RQUXdWRkVva3JZVnE4WTdSZkY3Z2crNjVjOVgxU2FwZmk3K0NSeENXZUlheS9XZndPem1vZ3g4ClZrZnhIY3BwREJZeHV6allaSlYvLzllNU96ZkRXdzNneXpMTk85Uzd3WEN4MW01MDdhQU5YN25DZW50cUFjY2EKTHVtdUYxc3pZdXFvenZ0ZFVJNXNJNzFScGxRNGlpejQwMk5SUldCSFFWWisySlM3QmZuV0RROFhZSktIZEpmRwpiTTE1ZWlSRCtwTnl6a1R3VHBVNGtRSURBUUFCbzFZd1ZEQU9CZ05WSFE4QkFmOEVCQU1DQmFBd0V3WURWUjBsCkJBd3dDZ1lJS3dZQkJRVUhBd0l3REFZRFZSMFRBUUgvQkFJd0FEQWZCZ05WSFNNRUdEQVdnQlNTTDFSOS9DVC8KODc2V0o3Y21BbEd0Qno4OTV6QU5CZ2txaGtpRzl3MEJBUXNGQUFPQ0FnRUFjWXZaVnFodkZacVdUSGNtciswVQpsOUlNa05tdVRBdVp6aEhCN0x5ejVGWkdleStqRk50WWhYWitpYUVGSlZhcFJqRkg0QW9QVVRZK3pqT2xHRnNZCmJQd2FSOGRRNmlzRnptdlJlSkNwU3JTUUhVQkd0dENrSTU2bWhSQjNmcGxSK1I3RjdTM3BwU3hlWDZxN1FMTmYKdnppWE1qdGQ1NlNramNhSXFlVGh0dWJoZ1o4S1oyUS94em95WVJDNnVCTXViTXVQSW9udWVrNXVjRTQ3V1grcgpMUDNoOThrNyszTkVEMGRFalJMYlhwMXZpNE9qSkRDVE1WMEhRNG9RK2hJUEZSdXQ1aUZUZXlQS3hVbXMwT0VqCjBHTk9JMXpuZ0s4S0pFUmw1R3BjcGVuLytwc1JyOEFRa3gxdW1WcHpYMXB6N3ZkbmsrWlNNM29scHRUekVXRFYKVEJDU0Z4NFVmRHZKNm1CUk1ETnM4VUNscS8yM1c2elBobyt0WWUxL2ppbmVzWEpRKzBvd3E5bW1NS3UwSHF1NQpJQ01RckJacEs3RnJENWU5bkRtR1Y0Sitmd1R5ZjRrenFHaVFpNEpqd3VVNFBhSUNWMStLS05USlBFN3lERXZaClRnNVVmTE9pMTlLQ3dicHFSV1FwMllVMUtBaCs1dTFkYlJoYWF6MHdObHBXUFRuM2FEdnhtR3d0ZU4xTkhFa0sKZmpmUUVNNEd6TVRJVTBQRnhFRFNsOHl1aXpDK3dkekZ3RVY2Q1BOSUhYTCtjRWFBS01UcEtyVzVocVRxbWhpdQp4QzBWaUx4QnQ2VWdpajlNaytMaDAraEVQVFVoYjJXZnROZEhabndRenNvYWNnZkVDc2VEOGpETHZBeTdJZGxHCjZyN2cwWTFidjAvOGVxbHpnZ25zZjBNPQotLS0tLUVORCBDRVJUSUZJQ0FURS0tLS0tCg==\n    client-key-data: LS0tLS1CRUdJTiBSU0EgUFJJVkFURSBLRVktLS0tLQpNSUlKS1FJQkFBS0NBZ0VBMlJ5bDkwSHlpR0V2cHFnbHBkK21oQU9uN3pyYTliSDk1cFd1NmxjOTY4Tmp6azJKCldVU3VNeXl1cjF6ZjlHZ01NSFRSM1lkYVIyUG9mSzNKMHJ2TlpzalNjd0J2SFNKWk4zUXh1WmswbnhaYUpzbVgKd2NpUmxmSkhzYlN2bjVTYm5Zd2E1TGVpTWYxSHVlZCtTVVFJa21HZ00yNThoTEN4MW5pUVlOUzR2S01DSFQ3Qgo4d09OSDZpY2FiZUw0R0Y2VU5DSjU2elk0K2plVjVRY3RGK05PY1NWRENzVmlpWXFPRFp2ZXF2S2VEVW1odnFhCjZHb2g2aTNmeW1JL21lZnB0WnpQQzBEOGRGT2ptamRhM0gyd3EzcldXZExVRmxNUkg0azBZN3lPbkxMU1pTUmoKVWR3bE9UYUZSNFZ6UjYvNXZ4bmVuVHlrbUZ5Y3hSWWZYZmlKRUpwS2tmcGF0RnQrcTI1TTMreDE0dnJmSVprSwpFWGhZTHp1cy9jWHFJUlBjQ0I5Tko4K2R0KzNyMm10aERjMDFZN3NabTNUejhVNnFlekVzeEcxaDFYbUorc3FoCnZ5YUJDRTVYSVI4MmxzY3BUUE9TcGNxeUdDU0NsVTJOWVlyd2cyZ012VEtjd25UME1GUlJLSksyRmF2R08wWHgKZTRJUHV1WFBWOVVtcVg0dS9na2NRbG5pR3N2MW44RHM1cUlNZkZaSDhSM0thUXdXTWJzNDJHU1ZmLy9YdVRzMwp3MXNONE1zeXpUdlV1OEZ3c2RadWRPMmdEVis1d25wN2FnSEhHaTdwcmhkYk0yTHFxTTc3WFZDT2JDTzlVYVpVCk9Jb3MrTk5qVVVWZ1IwRldmdGlVdXdYNTFnMFBGMkNTaDNTWHhtek5lWG9rUS9xVGNzNUU4RTZWT0pFQ0F3RUEKQVFLQ0FnRUF2Nnc5RVZjVlNUV1RuZXdnb0pvY0pid2NqR1ZIWFZXd005dTl1b0VlMTM5K0kybnNjZlRpWGFkNgo2TEp6dlJBR2d0ai9WalhpaTlnMkxhdzMyMldWWnNLd21IcXZuZWJ2SUxmaUZscWRURDJ0aFVUQVI0Sk1sVFo1CitQYnRmVkx6TjFtemZHeHFNdnZLVU9PQWFDbzU3eEZsSDBMUmgwdC9GVHNISzVWaEtwZzJpNThXRnZieHBodHoKU3htUjBadjlJaytaRUFGVzBZNktqSUxqL0pIRzJsTWt5c05XbHNvdXg4VzNFWE9Nb2ljNlJqd0VlbDhJWmZmdAo5SHhjYmdHQ0lLVzVXOVFaakpFeWhEbU9hODVESklDanNGVWlqRHIxaVFQV1RwN3V3SVJXbnBoTFhyK2QxUzYrCjUyOTNZTGlKSWg4eW0xb29iYUtGZkxHVks1NzVVU0JXOWpLWEJ1WlI0MTQxcFhTeHpuZ2s5MFhCb1FMY3Fvd3kKN0hCem9pNVZiaWcvTzdPTlVNMGFyOHJsUEVEM2xjNnA5cmVtck8yVEtZYVpONi9GWjlyS1B4Y2JOMnoyL1BlcAo4aG0rMFNWYldMMEJNQ2lvOHBubUFiV3lmeUFuTGZvMUhMMDFMR1N4dWJNK3NsT3BJejkyS1BuMUNBRFluQU9DClI5VVpNY2VqTFJFZGV1Y2wzdHpvRDNxYTNERE9mT3doQmhQWGJJd2RYZ0VXL25KenhIN3NLajFYQThNYzZkNGgKTWc1U1NRcVNOOXF5VXB6VUxhRjZHQ1FVTDJOamp1TE94OHdvVWlUdXVaTUNzdWdXT1U2Nk9xaG9SbmJEZkFNSQpLNjgyWU15ZzVRb2NQLzFMeHZvRDQ2d3R0cUtod3FCU25XbnVrdG8yWks1MzhuaTA1R2tDZ2dFQkFQWi9NSE1vCk9MQkFyd0Vjb3h2UFJIZXNWdHQra0Z1V3lhRDlnZVIyZDltV0dKeDFSYXB3aTlLVGVnN2NsbkFOVWkyZW9pNm0KUGJPTWNTWDBNNWt6ZVBjV3BLZ0FiSnU0LzVUSDFaWTJRVVVRYUVTK0g3VnoycGg5cFUwUFBtak85Qzl6STdzUwp4QURqTEx4bVZoOTFaMFpHeGVNemd5NUZOWExGeTJCSENRa25hVEt0L3YzSUJXS01kTFRkNWc4dk1FcTRWaW9pCnhVaGR2czhSRVl0TVpLbkdxWXR2T29zUlcwRUR1d2VjUmU3cjVvTEdGVzhmbjUvY25QeW0zb3IvbXRlUTJXN0MKRWs5L0JqWDUwQldpekJHSlRFTU56eVVmK3BDR0dxM1NqdTkwS3ovaVVTcXozaWg5Tmt2R3RDVkJKVjk3MmVpbQpCbERCRW1DRTNJVFl1Zk1DZ2dFQkFPRjdjWHc4aFRoYmo4WmtxNzBvd281RE1UUGtEaTlYSHJmSXZ1WVk2d05iClFGTHJIek9hNXNWbEMya1I2cDJiT0c5bkhDSXUvZnVYYTJlRDd2MUZya2plTlp1NDB0MURiK3dEbnBoNWZuaDUKMWgvVjMxOWkyQnp6RzZYU2gyYTg3TmxRdG4yM1dSK1hTblExY3gvZVdDWW1FZi9Pc2Y1MndtS0JickMrTjR1cgpyY1lGazQ3SmQ0ZGhEMzhXcVlRbmEybThKSVMyeDNBYXM1NEo0dExlY1V0MldvQWJXOGx4bnBRYnA3QUw3d0pSCkdwZ21id1Q5TmNDLy82dEhVQ1k2clpYMCtSckF3MytTZU9hemh6ZlJjNjNXU0p6Y29mc3BMTFZvYy90ai9LUDIKVmcrYmd0M1U3NFc2aERDNkpsNFNGZ25za09jWGpQbkpkaVphRE5SaWdHc0NnZ0VCQU9VbGYrak5yMFZLSEdZdwpOUUVaUVZEdkNSK3JISS9JTVZCVDJuaUVHUTVSRmpmOFhQTUJCVHFRbHB0U1BSZVZpcHVXS0xhdEhCYlpyQ1hZClNrOVZKbEtzM2d5L3VEZGJWMXo4R0hZM29aMk9qeCs0anNta0ZjWkVwM0puaFdEeFl0YnBkb0htQkFlL0tFdEwKNXl2L2ZDNDhoS0dkdFlsQ0ZWbkl2ak9XVmJRSXl5YXQwYW9pVTc4MVN4a0lYMkltUUFKMk1zT2c1ejFLeUtLOQovMDA3aXlpNDRjd1picGJ4WDUrazFDMVMvVUFLVkpPbGlTOXdlbmVtSXRwTVZmMXBlSXlFdjF6VFZTcEpyNEJsCjV5YjEzRGRCSjMvK1NsNzh4M1dxOVFvNS8xNWk1QUhUWmhrSWRMRzNGTTZFdmRzVUlLWVBBSmZpSDJUYTF6YWEKekZWREZEa0NnZ0VBWUh1YzNPZGNyZmZuOXFHZkp5cm96VTBOSWNJbEc3YXdxejJZQ2dlQmtJY2NhQjY1MURBbApMVFFHaE9nb3QxWHkrU0JxMW1tN1BrdlZwbzY2MWQ5YUswNENMR2NTdTZFZXBDUU1XZndxMU14MWhsdlM0Qk1BCm5LcWVHditSOXJGQ3U5NmdwL3lyZ3l3T3JOa3VNT1hJWEZLUUF5RGo0eG5ZSmFSeXcrZ3hCbS9veE1JZ0dNbzIKZmxSVytDK3ZTNkErZ3hrQm0xUkcxTDVvTzJqSmlTZXIzUG1BMGk1aXdUai8vU28wUDgxcmNWZFpCTi8xUTNKQgo3UDk3SEVSQWxJc3BPZkNBSXlWMndnRGdBUCt6RFh4dmZtUWg0QlU4cnFjNHZVczd6Y2RFRkxqVXJJc0RuWDUvCkczN3JENXFuempyNCtUZ2o3TzZUNFZLR1h2VExacG5iandLQ0FRQXlrekE3Rk9CdjRiRDB4WjBpRGhBWTgzdHEKdFIxMG5sVkc2NUwvUzBTQ1g4UVBUSVRKVWJHNTRoT01hSnE2NzBsQnp0WjRSdzB1aW5GWFZSOEJOY2ZEL1ZwQwpZak9yYThEM2ZSeTFoY21KMTdqRGRYY0hmZkNycFJ2NDVZN1FNSHBLOXJPTlRRTzJCQS9xZU5pYUZRZ3ZnUDI2CnI5TmU3RWNXLzVvYlYzOG9SNURjaFVwcmhQdkhWMnI4YUtvTmZpQU1iWEFBZ2xVcXNYRFBjTG5UalRRMkpBUXkKUlY5NlM0clRhczZWTlVXdmdCOVRmbnR1QUZ4aEhoUFRsRzIrZXU0UGVPZkxpZEFvbE1NTGdVQzIrUHRUdW53ZApmdzdQNXgrSFYrcVhLb29oT3Z6cG9zSUpRZW04T2J4VDFIWGR3MTNQeHZockpCejQzcHd3djNXRTZ5cDEKLS0tLS1FTkQgUlNBIFBSSVZBVEUgS0VZLS0tLS0K\n    token: n5xkqv0qdklciv3s09u1efboz5qwqou5k2ixjsxvw0nwnhs70fetzbmu1pyc4ayx2qp2fq7e4pu4xw0b46l0wksvg9r8f1u42692oj3gwsqfg5zjqgchy0zzwwehcsx1\n",
      "type": "string",
      "sensitive": true
    },
    "resource_group_name": {
      "value": "todo-rg-dev",
      "type": "string"
    }
  },
  "resources": [
    {
      "mode": "data",
      "type": "azurerm_client_config",
      "name": "current",
      "provider": "provider[\"registry.terraform.io/hashicorp/azurerm\"]",
      "instances": [
        {
          "schema_version": 0,
          "attributes": {
            "client_id": "04b07795-8ddb-461a-bbee-02f9e1bf7b46",
            "id": "Y2xpZW50Q29uZmlncy9jbGllbnRJZD0wNGIwNzc5NS04ZGRiLTQ2MWEtYmJlZS0wMmY5ZTFiZjdiNDY7b2JqZWN0SWQ9OThiODQwNTItNDUwZi00OGE4LTliYmEtMmYxYzliYjA3YzZhO3N1YnNjcmlwdGlvbklkPTJjNmQ5ZjgxLTkyNjItNGEyNi04OTZkLTVmOTUwNmEzYTMzOTt0ZW5hbnRJZD0zM2Y0MTM0NC1mNTM4LTRiYzItODk3NC1lYTYxNzUyYWUwNjY=",
            "object_id": "98b84052-450f-48a8-9bba-2f1c9bb07c6a",
            "subscription_id": "2c6d9f81-9262-4a26-896d-5f9506a3a339",
            "tenant_id": "33f41344-f538-4bc2-8974-ea61752ae066",
            "timeouts": null
          },
          "sensitive_attributes": []
        }
      ]
    },
    {
      "mode": "data",
      "type": "azurerm_cosmosdb_account",
      "name": "cosmos",
      "provider": "provider[\"registry.terraform.io/hashicorp/azurerm\"]",
      "instances": [
        {
          "schema_version": 0,
          "attributes": {
            "automatic_failover_enabled": false,
            "capabilities": [
              {
                "name": "EnableMongo"
              }
            ],
            "consistency_policy": [
              {
                "consistency_level": "Session",
                "max_interval_in_seconds": 5,
                "max_staleness_prefix": 100
              }
            ],
            "endpoint": "https://todo-cosmosdb-dev.documents.azure.com:443/",
            "free_tier_enabled": false,
            "geo_location": [
              {
                "failover_priority": 0,
                "id": "todo-cosmosdb-dev-canadacentral",
                "location": "canadacentral"
              }
            ],
            "id": "/subscriptions/2c6d9f81-9262-4a26-896d-5f9506a3a339/resourceGroups/todo-rg-dev/providers/Microsoft.DocumentDB/databaseAccounts/todo-cosmosdb-dev",
            "ip_range_filter": "",
            "is_virtual_network_filter_enabled": false,
            "key_vault_key_id": null,
            "kind": "MongoDB",
            "location": "canadacentral",
            "multiple_write_locations_enabled": false,
            "name": "todo-cosmosdb-dev",
            "offer_type": "Standard",
            "primary_key": "UsDz2yRkrZsEyCfhkH80jjz63QE30I7B0ArxD9zeM8VSwFLVhvQ8AgfDEK2Ub9K1RtiI757497CCACDbx95Eog==",
            "primary_mongodb_connection_string": "mongodb://todo-cosmosdb-dev:UsDz2yRkrZsEyCfhkH80jjz63QE30I7B0ArxD9zeM8VSwFLVhvQ8AgfDEK2Ub9K1RtiI757497CCACDbx95Eog==@todo-cosmosdb-dev.mongo.cosmos.azure.com:10255/?ssl=true\u0026replicaSet=globaldb\u0026retrywrites=false\u0026maxIdleTimeMS=120000\u0026appName=@todo-cosmosdb-dev@",
            "primary_readonly_key": "tRqJ6Rs8qExllblssNSYhZnLHzbhqarPb7KryiI6xQJ9qDoYBoPlp6wvqx2PrgTG502KBn6NMdxLACDb8e84xQ==",
            "primary_readonly_mongodb_connection_string": "mongodb://todo-cosmosdb-dev:tRqJ6Rs8qExllblssNSYhZnLHzbhqarPb7KryiI6xQJ9qDoYBoPlp6wvqx2PrgTG502KBn6NMdxLACDb8e84xQ==@todo-cosmosdb-dev.mongo.cosmos.azure.com:10255/?ssl=true\u0026replicaSet=globaldb\u0026retrywrites=false\u0026maxIdleTimeMS=120000\u0026appName=@todo-cosmosdb-dev@",
            "primary_readonly_sql_connection_string": null,
            "primary_sql_connection_string": null,
            "read_endpoints": [
              "https://todo-cosmosdb-dev-canadacentral.documents.azure.com:443/"
            ],
            "resource_group_name": "todo-rg-dev",
            "secondary_key": "T9Q3fLw1ag20WfPuI5vk28T6HjRaTo2dXJW99JzI0lsxbWMNqt1R6Yyx5dBVKTF51nOfFYzkabeqACDbHZhzyw==",
            "secondary_mongodb_connection_string": "mongodb://todo-cosmosdb-dev:T9Q3fLw1ag20WfPuI5vk28T6HjRaTo2dXJW99JzI0lsxbWMNqt1R6Yyx5dBVKTF51nOfFYzkabeqACDbHZhzyw==@todo-cosmosdb-dev.mongo.cosmos.azure.com:10255/?ssl=true\u0026replicaSet=globaldb\u0026retrywrites=false\u0026maxIdleTimeMS=120000\u0026appName=@todo-cosmosdb-dev@",
            "secondary_readonly_key": "vHcvK1DkPssuvQcsBkplGNkmTbkzjnKxkUAHUCJF3gd2UC0awrE3R3qQtSPwDPMgyYdHQMjT5xHiACDbTHnJiw==",
            "secondary_readonly_mongodb_connection_string": "mongodb://todo-cosmosdb-dev:vHcvK1DkPssuvQcsBkplGNkmTbkzjnKxkUAHUCJF3gd2UC0awrE3R3qQtSPwDPMgyYdHQMjT5xHiACDbTHnJiw==@todo-cosmosdb-dev.mongo.cosmos.azure.com:10255/?ssl=true\u0026replicaSet=globaldb\u0026retrywrites=false\u0026maxIdleTimeMS=120000\u0026appName=@todo-cosmosdb-dev@",
            "secondary_readonly_sql_connection_string": null,
            "secondary_sql_connection_string": null,
            "tags": {},
            "timeouts": null,
            "virtual_network_rule": [],
            "write_endpoints": [
              "https://todo-cosmosdb-dev-canadacentral.documents.azure.com:443/"
            ]
          },
          "sensitive_attributes": []
        }
      ]
    },
    {
      "mode": "managed",
      "type": "azurerm_container_registry",
      "name": "acr",
      "provider": "provider[\"registry.terraform.io/hashicorp/azurerm\"]",
      "instances": [
        {
          "schema_version": 2,
          "attributes": {
            "admin_enabled": true,
            "admin_password": "Nvu7u43aQnz7jHIyogOk60tiheZacu2VoWdyw89gBD+ACRDTwyYl",
            "admin_username": "todoregistryxyz",
            "anonymous_pull_enabled": false,
            "data_endpoint_enabled": false,
            "encryption": [],
            "export_policy_enabled": true,
            "georeplications": [],
            "id": "/subscriptions/2c6d9f81-9262-4a26-896d-5f9506a3a339/resourceGroups/todo-rg-dev/providers/Microsoft.ContainerRegistry/registries/todoregistryxyz",
            "identity": [],
            "location": "canadacentral",
            "login_server": "todoregistryxyz.azurecr.io",
            "name": "todoregistryxyz",
            "network_rule_bypass_option": "AzureServices",
            "network_rule_set": [],
            "public_network_access_enabled": true,
            "quarantine_policy_enabled": false,
            "resource_group_name": "todo-rg-dev",
            "retention_policy_in_days": 0,
            "sku": "Basic",
            "tags": {},
            "timeouts": null,
            "trust_policy_enabled": false,
            "zone_redundancy_enabled": false
          },
          "sensitive_attributes": [],
          "private": "eyJlMmJmYjczMC1lY2FhLTExZTYtOGY4OC0zNDM2M2JjN2M0YzAiOnsiY3JlYXRlIjoxODAwMDAwMDAwMDAwLCJkZWxldGUiOjE4MDAwMDAwMDAwMDAsInJlYWQiOjMwMDAwMDAwMDAwMCwidXBkYXRlIjoxODAwMDAwMDAwMDAwfSwic2NoZW1hX3ZlcnNpb24iOiIyIn0=",
          "dependencies": [
            "azurerm_resource_group.main"
          ]
        }
      ]
    },
    {
      "mode": "managed",
      "type": "azurerm_cosmosdb_account",
      "name": "cosmos",
      "provider": "provider[\"registry.terraform.io/hashicorp/azurerm\"]",
      "instances": [
        {
          "schema_version": 1,
          "attributes": {
            "access_key_metadata_writes_enabled": true,
            "analytical_storage": [
              {
                "schema_type": "FullFidelity"
              }
            ],
            "analytical_storage_enabled": false,
            "automatic_failover_enabled": false,
            "backup": [
              {
                "interval_in_minutes": 240,
                "retention_in_hours": 8,
                "storage_redundancy": "Geo",
                "tier": "",
                "type": "Periodic"
              }
            ],
            "burst_capacity_enabled": false,
            "capabilities": [
              {
                "name": "EnableMongo"
              }
            ],
            "capacity": [],
            "consistency_policy": [
              {
                "consistency_level": "Session",
                "max_interval_in_seconds": 5,
                "max_staleness_prefix": 100
              }
            ],
            "cors_rule": [],
            "create_mode": "",
            "default_identity_type": "FirstPartyIdentity",
            "endpoint": "https://todo-cosmosdb-dev.documents.azure.com:443/",
            "free_tier_enabled": false,
            "geo_location": [
              {
                "failover_priority": 0,
                "id": "todo-cosmosdb-dev-canadacentral",
                "location": "canadacentral",
                "zone_redundant": false
              }
            ],
            "id": "/subscriptions/2c6d9f81-9262-4a26-896d-5f9506a3a339/resourceGroups/todo-rg-dev/providers/Microsoft.DocumentDB/databaseAccounts/todo-cosmosdb-dev",
            "identity": [],
            "ip_range_filter": [],
            "is_virtual_network_filter_enabled": false,
            "key_vault_key_id": null,
            "kind": "MongoDB",
            "local_authentication_disabled": false,
            "location": "canadacentral",
            "managed_hsm_key_id": null,
            "minimal_tls_version": "Tls12",
            "mongo_server_version": "3.6",
            "multiple_write_locations_enabled": false,
            "name": "todo-cosmosdb-dev",
            "network_acl_bypass_for_azure_services": false,
            "network_acl_bypass_ids": [],
            "offer_type": "Standard",
            "partition_merge_enabled": false,
            "primary_key": "UsDz2yRkrZsEyCfhkH80jjz63QE30I7B0ArxD9zeM8VSwFLVhvQ8AgfDEK2Ub9K1RtiI757497CCACDbx95Eog==",
            "primary_mongodb_connection_string": "mongodb://todo-cosmosdb-dev:UsDz2yRkrZsEyCfhkH80jjz63QE30I7B0ArxD9zeM8VSwFLVhvQ8AgfDEK2Ub9K1RtiI757497CCACDbx95Eog==@todo-cosmosdb-dev.mongo.cosmos.azure.com:10255/?ssl=true\u0026replicaSet=globaldb\u0026retrywrites=false\u0026maxIdleTimeMS=120000\u0026appName=@todo-cosmosdb-dev@",
            "primary_readonly_key": "tRqJ6Rs8qExllblssNSYhZnLHzbhqarPb7KryiI6xQJ9qDoYBoPlp6wvqx2PrgTG502KBn6NMdxLACDb8e84xQ==",
            "primary_readonly_mongodb_connection_string": "mongodb://todo-cosmosdb-dev:tRqJ6Rs8qExllblssNSYhZnLHzbhqarPb7KryiI6xQJ9qDoYBoPlp6wvqx2PrgTG502KBn6NMdxLACDb8e84xQ==@todo-cosmosdb-dev.mongo.cosmos.azure.com:10255/?ssl=true\u0026replicaSet=globaldb\u0026retrywrites=false\u0026maxIdleTimeMS=120000\u0026appName=@todo-cosmosdb-dev@",
            "primary_readonly_sql_connection_string": null,
            "primary_sql_connection_string": null,
            "public_network_access_enabled": true,
            "read_endpoints": [
              "https://todo-cosmosdb-dev-canadacentral.documents.azure.com:443/"
            ],
            "resource_group_name": "todo-rg-dev",
            "restore": [],
            "secondary_key": "T9Q3fLw1ag20WfPuI5vk28T6HjRaTo2dXJW99JzI0lsxbWMNqt1R6Yyx5dBVKTF51nOfFYzkabeqACDbHZhzyw==",
            "secondary_mongodb_connection_string": "mongodb://todo-cosmosdb-dev:T9Q3fLw1ag20WfPuI5vk28T6HjRaTo2dXJW99JzI0lsxbWMNqt1R6Yyx5dBVKTF51nOfFYzkabeqACDbHZhzyw==@todo-cosmosdb-dev.mongo.cosmos.azure.com:10255/?ssl=true\u0026replicaSet=globaldb\u0026retrywrites=false\u0026maxIdleTimeMS=120000\u0026appName=@todo-cosmosdb-dev@",
            "secondary_readonly_key": "vHcvK1DkPssuvQcsBkplGNkmTbkzjnKxkUAHUCJF3gd2UC0awrE3R3qQtSPwDPMgyYdHQMjT5xHiACDbTHnJiw==",
            "secondary_readonly_mongodb_connection_string": "mongodb://todo-cosmosdb-dev:vHcvK1DkPssuvQcsBkplGNkmTbkzjnKxkUAHUCJF3gd2UC0awrE3R3qQtSPwDPMgyYdHQMjT5xHiACDbTHnJiw==@todo-cosmosdb-dev.mongo.cosmos.azure.com:10255/?ssl=true\u0026replicaSet=globaldb\u0026retrywrites=false\u0026maxIdleTimeMS=120000\u0026appName=@todo-cosmosdb-dev@",
            "secondary_readonly_sql_connection_string": null,
            "secondary_sql_connection_string": null,
            "tags": {},
            "timeouts": null,
            "virtual_network_rule": [],
            "write_endpoints": [
              "https://todo-cosmosdb-dev-canadacentral.documents.azure.com:443/"
            ]
          },
          "sensitive_attributes": [],
          "private": "eyJlMmJmYjczMC1lY2FhLTExZTYtOGY4OC0zNDM2M2JjN2M0YzAiOnsiY3JlYXRlIjoxMDgwMDAwMDAwMDAwMCwiZGVsZXRlIjoxMDgwMDAwMDAwMDAwMCwicmVhZCI6MzAwMDAwMDAwMDAwLCJ1cGRhdGUiOjEwODAwMDAwMDAwMDAwfSwic2NoZW1hX3ZlcnNpb24iOiIxIn0=",
          "dependencies": [
            "azurerm_resource_group.main"
          ]
        }
      ]
    },
    {
      "mode": "managed",
      "type": "azurerm_cosmosdb_mongo_collection",
      "name": "mongo_collection",
      "provider": "provider[\"registry.terraform.io/hashicorp/azurerm\"]",
      "instances": [
        {
          "schema_version": 1,
          "attributes": {
            "account_name": "todo-cosmosdb-dev",
            "analytical_storage_ttl": 0,
            "autoscale_settings": [],
            "database_name": "todo-db",
            "default_ttl_seconds": null,
            "id": "/subscriptions/2c6d9f81-9262-4a26-896d-5f9506a3a339/resourceGroups/todo-rg-dev/providers/Microsoft.DocumentDB/databaseAccounts/todo-cosmosdb-dev/mongodbDatabases/todo-db/collections/users",
            "index": [
              {
                "keys": [
                  "_id"
                ],
                "unique": true
              }
            ],
            "name": "users",
            "resource_group_name": "todo-rg-dev",
            "shard_key": "_id",
            "system_indexes": [
              {
                "keys": [
                  "_id"
                ],
                "unique": true
              }
            ],
            "throughput": 400,
            "timeouts": null
          },
          "sensitive_attributes": [],
          "private": "eyJlMmJmYjczMC1lY2FhLTExZTYtOGY4OC0zNDM2M2JjN2M0YzAiOnsiY3JlYXRlIjoxODAwMDAwMDAwMDAwLCJkZWxldGUiOjE4MDAwMDAwMDAwMDAsInJlYWQiOjMwMDAwMDAwMDAwMCwidXBkYXRlIjoxODAwMDAwMDAwMDAwfSwic2NoZW1hX3ZlcnNpb24iOiIxIn0=",
          "dependencies": [
            "azurerm_cosmosdb_account.cosmos",
            "azurerm_cosmosdb_mongo_database.mongo_db",
            "azurerm_resource_group.main"
          ]
        }
      ]
    },
    {
      "mode": "managed",
      "type": "azurerm_cosmosdb_mongo_database",
      "name": "mongo_db",
      "provider": "provider[\"registry.terraform.io/hashicorp/azurerm\"]",
      "instances": [
        {
          "schema_version": 1,
          "attributes": {
            "account_name": "todo-cosmosdb-dev",
            "autoscale_settings": [],
            "id": "/subscriptions/2c6d9f81-9262-4a26-896d-5f9506a3a339/resourceGroups/todo-rg-dev/providers/Microsoft.DocumentDB/databaseAccounts/todo-cosmosdb-dev/mongodbDatabases/todo-db",
            "name": "todo-db",
            "resource_group_name": "todo-rg-dev",
            "throughput": 400,
            "timeouts": null
          },
          "sensitive_attributes": [],
          "private": "eyJlMmJmYjczMC1lY2FhLTExZTYtOGY4OC0zNDM2M2JjN2M0YzAiOnsiY3JlYXRlIjoxODAwMDAwMDAwMDAwLCJkZWxldGUiOjE4MDAwMDAwMDAwMDAsInJlYWQiOjMwMDAwMDAwMDAwMCwidXBkYXRlIjoxODAwMDAwMDAwMDAwfSwic2NoZW1hX3ZlcnNpb24iOiIxIn0=",
          "dependencies": [
            "azurerm_cosmosdb_account.cosmos",
            "azurerm_resource_group.main"
          ]
        }
      ]
    },
    {
      "mode": "managed",
      "type": "azurerm_federated_identity_credential",
      "name": "github_oidc",
      "provider": "provider[\"registry.terraform.io/hashicorp/azurerm\"]",
      "instances": [
        {
          "schema_version": 0,
          "attributes": {
            "audience": [
              "api://AzureADTokenExchange"
            ],
            "id": "/subscriptions/2c6d9f81-9262-4a26-896d-5f9506a3a339/resourceGroups/todo-rg-dev/providers/Microsoft.ManagedIdentity/userAssignedIdentities/todo-github-identity/federatedIdentityCredentials/github-actions",
            "issuer": "https://token.actions.githubusercontent.com",
            "name": "github-actions",
            "parent_id": "/subscriptions/2c6d9f81-9262-4a26-896d-5f9506a3a339/resourceGroups/todo-rg-dev/providers/Microsoft.ManagedIdentity/userAssignedIdentities/todo-github-identity",
            "resource_group_name": "todo-rg-dev",
            "subject": "repo:xavrema-todo:ref:refs/heads/main",
            "timeouts": null
          },
          "sensitive_attributes": [],
          "private": "eyJlMmJmYjczMC1lY2FhLTExZTYtOGY4OC0zNDM2M2JjN2M0YzAiOnsiY3JlYXRlIjoxODAwMDAwMDAwMDAwLCJkZWxldGUiOjE4MDAwMDAwMDAwMDAsInJlYWQiOjMwMDAwMDAwMDAwMCwidXBkYXRlIjoxODAwMDAwMDAwMDAwfX0=",
          "dependencies": [
            "azurerm_resource_group.main",
            "azurerm_user_assigned_identity.github_identity"
          ]
        }
      ]
    },
    {
      "mode": "managed",
      "type": "azurerm_key_vault",
      "name": "main",
      "provider": "provider[\"registry.terraform.io/hashicorp/azurerm\"]",
      "instances": [
        {
          "schema_version": 2,
          "attributes": {
            "access_policy": [
              {
                "application_id": "",
                "certificate_permissions": [],
                "key_permissions": [],
                "object_id": "e2ae854b-5da0-4061-849d-33d2c0fc7850",
                "secret_permissions": [
                  "Get",
                  "List"
                ],
                "storage_permissions": [],
                "tenant_id": "33f41344-f538-4bc2-8974-ea61752ae066"
              },
              {
                "application_id": "",
                "certificate_permissions": [],
                "key_permissions": [],
                "object_id": "becaf224-f7ec-4d9d-8269-a0cb376ac736",
                "secret_permissions": [
                  "Get",
                  "List"
                ],
                "storage_permissions": [],
                "tenant_id": "33f41344-f538-4bc2-8974-ea61752ae066"
              },
              {
                "application_id": "",
                "certificate_permissions": [],
                "key_permissions": [],
                "object_id": "98b84052-450f-48a8-9bba-2f1c9bb07c6a",
                "secret_permissions": [
                  "Get",
                  "List",
                  "Set"
                ],
                "storage_permissions": [],
                "tenant_id": "33f41344-f538-4bc2-8974-ea61752ae066"
              }
            ],
            "contact": [],
            "enable_rbac_authorization": false,
            "enabled_for_deployment": false,
            "enabled_for_disk_encryption": false,
            "enabled_for_template_deployment": false,
            "id": "/subscriptions/2c6d9f81-9262-4a26-896d-5f9506a3a339/resourceGroups/todo-rg-dev/providers/Microsoft.KeyVault/vaults/todo-kv-dev",
            "location": "canadacentral",
            "name": "todo-kv-dev",
            "network_acls": [
              {
                "bypass": "AzureServices",
                "default_action": "Allow",
                "ip_rules": [],
                "virtual_network_subnet_ids": []
              }
            ],
            "public_network_access_enabled": true,
            "purge_protection_enabled": true,
            "resource_group_name": "todo-rg-dev",
            "sku_name": "standard",
            "soft_delete_retention_days": 7,
            "tags": {},
            "tenant_id": "33f41344-f538-4bc2-8974-ea61752ae066",
            "timeouts": null,
            "vault_uri": "https://todo-kv-dev.vault.azure.net/"
          },
          "sensitive_attributes": [],
          "private": "eyJlMmJmYjczMC1lY2FhLTExZTYtOGY4OC0zNDM2M2JjN2M0YzAiOnsiY3JlYXRlIjoxODAwMDAwMDAwMDAwLCJkZWxldGUiOjE4MDAwMDAwMDAwMDAsInJlYWQiOjMwMDAwMDAwMDAwMCwidXBkYXRlIjoxODAwMDAwMDAwMDAwfSwic2NoZW1hX3ZlcnNpb24iOiIyIn0=",
          "dependencies": [
            "azurerm_resource_group.main",
            "data.azurerm_client_config.current"
          ]
        }
      ]
    },
    {
      "mode": "managed",
      "type": "azurerm_key_vault_access_policy",
      "name": "aks",
      "provider": "provider[\"registry.terraform.io/hashicorp/azurerm\"]",
      "instances": [
        {
          "schema_version": 0,
          "attributes": {
            "application_id": "",
            "certificate_permissions": [],
            "id": "/subscriptions/2c6d9f81-9262-4a26-896d-5f9506a3a339/resourceGroups/todo-rg-dev/providers/Microsoft.KeyVault/vaults/todo-kv-dev/objectId/becaf224-f7ec-4d9d-8269-a0cb376ac736",
            "key_permissions": [],
            "key_vault_id": "/subscriptions/2c6d9f81-9262-4a26-896d-5f9506a3a339/resourceGroups/todo-rg-dev/providers/Microsoft.KeyVault/vaults/todo-kv-dev",
            "object_id": "becaf224-f7ec-4d9d-8269-a0cb376ac736",
            "secret_permissions": [
              "Get",
              "List"
            ],
            "storage_permissions": [],
            "tenant_id": "33f41344-f538-4bc2-8974-ea61752ae066",
            "timeouts": null
          },
          "sensitive_attributes": [],
          "private": "eyJlMmJmYjczMC1lY2FhLTExZTYtOGY4OC0zNDM2M2JjN2M0YzAiOnsiY3JlYXRlIjoxODAwMDAwMDAwMDAwLCJkZWxldGUiOjE4MDAwMDAwMDAwMDAsInJlYWQiOjMwMDAwMDAwMDAwMCwidXBkYXRlIjoxODAwMDAwMDAwMDAwfX0=",
          "dependencies": [
            "azurerm_key_vault.main",
            "azurerm_resource_group.main",
            "azurerm_user_assigned_identity.aks_identity",
            "data.azurerm_client_config.current"
          ]
        }
      ]
    },
    {
      "mode": "managed",
      "type": "azurerm_key_vault_access_policy",
      "name": "app_mi_policy",
      "provider": "provider[\"registry.terraform.io/hashicorp/azurerm\"]",
      "instances": [
        {
          "schema_version": 0,
          "attributes": {
            "application_id": "",
            "certificate_permissions": [],
            "id": "/subscriptions/2c6d9f81-9262-4a26-896d-5f9506a3a339/resourceGroups/todo-rg-dev/providers/Microsoft.KeyVault/vaults/todo-kv-dev/objectId/e2ae854b-5da0-4061-849d-33d2c0fc7850",
            "key_permissions": [],
            "key_vault_id": "/subscriptions/2c6d9f81-9262-4a26-896d-5f9506a3a339/resourceGroups/todo-rg-dev/providers/Microsoft.KeyVault/vaults/todo-kv-dev",
            "object_id": "e2ae854b-5da0-4061-849d-33d2c0fc7850",
            "secret_permissions": [
              "Get",
              "List"
            ],
            "storage_permissions": [],
            "tenant_id": "33f41344-f538-4bc2-8974-ea61752ae066",
            "timeouts": null
          },
          "sensitive_attributes": [],
          "private": "eyJlMmJmYjczMC1lY2FhLTExZTYtOGY4OC0zNDM2M2JjN2M0YzAiOnsiY3JlYXRlIjoxODAwMDAwMDAwMDAwLCJkZWxldGUiOjE4MDAwMDAwMDAwMDAsInJlYWQiOjMwMDAwMDAwMDAwMCwidXBkYXRlIjoxODAwMDAwMDAwMDAwfX0=",
          "dependencies": [
            "azurerm_key_vault.main",
            "azurerm_resource_group.main",
            "azurerm_user_assigned_identity.app",
            "data.azurerm_client_config.current"
          ]
        }
      ]
    },
    {
      "mode": "managed",
      "type": "azurerm_key_vault_access_policy",
      "name": "terraform_user",
      "provider": "provider[\"registry.terraform.io/hashicorp/azurerm\"]",
      "instances": [
        {
          "schema_version": 0,
          "attributes": {
            "application_id": "",
            "certificate_permissions": [],
            "id": "/subscriptions/2c6d9f81-9262-4a26-896d-5f9506a3a339/resourceGroups/todo-rg-dev/providers/Microsoft.KeyVault/vaults/todo-kv-dev/objectId/98b84052-450f-48a8-9bba-2f1c9bb07c6a",
            "key_permissions": [],
            "key_vault_id": "/subscriptions/2c6d9f81-9262-4a26-896d-5f9506a3a339/resourceGroups/todo-rg-dev/providers/Microsoft.KeyVault/vaults/todo-kv-dev",
            "object_id": "98b84052-450f-48a8-9bba-2f1c9bb07c6a",
            "secret_permissions": [
              "Get",
              "List",
              "Set"
            ],
            "storage_permissions": [],
            "tenant_id": "33f41344-f538-4bc2-8974-ea61752ae066",
            "timeouts": null
          },
          "sensitive_attributes": [],
          "private": "eyJlMmJmYjczMC1lY2FhLTExZTYtOGY4OC0zNDM2M2JjN2M0YzAiOnsiY3JlYXRlIjoxODAwMDAwMDAwMDAwLCJkZWxldGUiOjE4MDAwMDAwMDAwMDAsInJlYWQiOjMwMDAwMDAwMDAwMCwidXBkYXRlIjoxODAwMDAwMDAwMDAwfX0=",
          "dependencies": [
            "azurerm_key_vault.main",
            "azurerm_resource_group.main",
            "data.azurerm_client_config.current"
          ]
        }
      ]
    },
    {
      "mode": "managed",
      "type": "azurerm_key_vault_secret",
      "name": "vite_api_url",
      "provider": "provider[\"registry.terraform.io/hashicorp/azurerm\"]",
      "instances": [
        {
          "schema_version": 0,
          "attributes": {
            "content_type": "",
            "expiration_date": null,
            "id": "https://todo-kv-dev.vault.azure.net/secrets/VITE-API-BASE-URL/83014bc82e9b455b8c11e45a23b250de",
            "key_vault_id": "/subscriptions/2c6d9f81-9262-4a26-896d-5f9506a3a339/resourceGroups/todo-rg-dev/providers/Microsoft.KeyVault/vaults/todo-kv-dev",
            "name": "VITE-API-BASE-URL",
            "not_before_date": null,
            "resource_id": "/subscriptions/2c6d9f81-9262-4a26-896d-5f9506a3a339/resourceGroups/todo-rg-dev/providers/Microsoft.KeyVault/vaults/todo-kv-dev/secrets/VITE-API-BASE-URL/versions/83014bc82e9b455b8c11e45a23b250de",
            "resource_versionless_id": "/subscriptions/2c6d9f81-9262-4a26-896d-5f9506a3a339/resourceGroups/todo-rg-dev/providers/Microsoft.KeyVault/vaults/todo-kv-dev/secrets/VITE-API-BASE-URL",
            "tags": {},
            "timeouts": null,
            "value": "http://localhost:5050",
            "value_wo": null,
            "value_wo_version": 0,
            "version": "83014bc82e9b455b8c11e45a23b250de",
            "versionless_id": "https://todo-kv-dev.vault.azure.net/secrets/VITE-API-BASE-URL"
          },
          "sensitive_attributes": [],
          "private": "eyJlMmJmYjczMC1lY2FhLTExZTYtOGY4OC0zNDM2M2JjN2M0YzAiOnsiY3JlYXRlIjoxODAwMDAwMDAwMDAwLCJkZWxldGUiOjE4MDAwMDAwMDAwMDAsInJlYWQiOjE4MDAwMDAwMDAwMDAsInVwZGF0ZSI6MTgwMDAwMDAwMDAwMH19",
          "dependencies": [
            "azurerm_key_vault.main",
            "azurerm_resource_group.main",
            "azurerm_role_assignment.terraform_kv_admin",
            "data.azurerm_client_config.current"
          ]
        }
      ]
    },
    {
      "mode": "managed",
      "type": "azurerm_kubernetes_cluster",
      "name": "aks",
      "provider": "provider[\"registry.terraform.io/hashicorp/azurerm\"]",
      "instances": [
        {
          "schema_version": 2,
          "attributes": {
            "aci_connector_linux": [],
            "api_server_access_profile": [],
            "auto_scaler_profile": [],
            "automatic_upgrade_channel": "",
            "azure_active_directory_role_based_access_control": [],
            "azure_policy_enabled": false,
            "confidential_computing": [],
            "cost_analysis_enabled": false,
            "current_kubernetes_version": "1.31.8",
            "default_node_pool": [
              {
                "auto_scaling_enabled": false,
                "capacity_reservation_group_id": "",
                "fips_enabled": false,
                "gpu_instance": "",
                "host_encryption_enabled": false,
                "host_group_id": "",
                "kubelet_config": [],
                "kubelet_disk_type": "OS",
                "linux_os_config": [],
                "max_count": 0,
                "max_pods": 30,
                "min_count": 0,
                "name": "default",
                "node_count": 1,
                "node_labels": {},
                "node_network_profile": [],
                "node_public_ip_enabled": false,
                "node_public_ip_prefix_id": "",
                "only_critical_addons_enabled": false,
                "orchestrator_version": "1.31",
                "os_disk_size_gb": 128,
                "os_disk_type": "Managed",
                "os_sku": "Ubuntu",
                "pod_subnet_id": "",
                "proximity_placement_group_id": "",
                "scale_down_mode": "Delete",
                "snapshot_id": "",
                "tags": {},
                "temporary_name_for_rotation": "",
                "type": "VirtualMachineScaleSets",
                "ultra_ssd_enabled": false,
                "upgrade_settings": [
                  {
                    "drain_timeout_in_minutes": 0,
                    "max_surge": "10%",
                    "node_soak_duration_in_minutes": 0
                  }
                ],
                "vm_size": "Standard_B2s",
                "vnet_subnet_id": "",
                "workload_runtime": "",
                "zones": []
              }
            ],
            "disk_encryption_set_id": "",
            "dns_prefix": "todo-dev-dns",
            "dns_prefix_private_cluster": "",
            "edge_zone": "",
            "fqdn": "todo-dev-dns-egmmkume.hcp.canadacentral.azmk8s.io",
            "http_application_routing_enabled": false,
            "http_application_routing_zone_name": "",
            "http_proxy_config": [],
            "id": "/subscriptions/2c6d9f81-9262-4a26-896d-5f9506a3a339/resourceGroups/todo-rg-dev/providers/Microsoft.ContainerService/managedClusters/todo-aks",
            "identity": [
              {
                "identity_ids": [],
                "principal_id": "486219b7-6aae-4835-9beb-0310f34ed138",
                "tenant_id": "33f41344-f538-4bc2-8974-ea61752ae066",
                "type": "SystemAssigned"
              }
            ],
            "image_cleaner_enabled": null,
            "image_cleaner_interval_hours": null,
            "ingress_application_gateway": [],
            "key_management_service": [],
            "key_vault_secrets_provider": [
              {
                "secret_identity": [
                  {
                    "client_id": "cd8b12eb-4ce9-41ee-bff1-5f2370f1f248",
                    "object_id": "bb951a7c-4d72-4aa4-bf66-96cb1d3747d0",
                    "user_assigned_identity_id": "/subscriptions/2c6d9f81-9262-4a26-896d-5f9506a3a339/resourcegroups/MC_todo-rg-dev_todo-aks_canadacentral/providers/Microsoft.ManagedIdentity/userAssignedIdentities/azurekeyvaultsecretsprovider-todo-aks"
                  }
                ],
                "secret_rotation_enabled": false,
                "secret_rotation_interval": "2m"
              }
            ],
            "kube_admin_config": [],
            "kube_admin_config_raw": "",
            "kube_config": [
              {
                "client_certificate": "LS0tLS1CRUdJTiBDRVJUSUZJQ0FURS0tLS0tCk1JSUZIVENDQXdXZ0F3SUJBZ0lRWXg3RFRudHZjcG5RbmtvK213RnlUekFOQmdrcWhraUc5dzBCQVFzRkFEQU4KTVFzd0NRWURWUVFERXdKallUQWVGdzB5TlRBMk1qTXhNVFV3TVRKYUZ3MHlOekEyTWpNeE1qQXdNVEphTURBeApGekFWQmdOVkJBb1REbk41YzNSbGJUcHRZWE4wWlhKek1SVXdFd1lEVlFRREV3eHRZWE4wWlhKamJHbGxiblF3CmdnSWlNQTBHQ1NxR1NJYjNEUUVCQVFVQUE0SUNEd0F3Z2dJS0FvSUNBUURaSEtYM1FmS0lZUyttcUNXbDM2YUUKQTZmdk90cjFzZjNtbGE3cVZ6M3J3MlBPVFlsWlJLNHpMSzZ2WE4vMGFBd3dkTkhkaDFwSFkraDhyY25TdTgxbQp5Tkp6QUc4ZElsazNkREc1bVRTZkZsb215WmZCeUpHVjhrZXh0SytmbEp1ZGpCcmt0Nkl4L1VlNTUzNUpSQWlTCllhQXpibnlFc0xIV2VKQmcxTGk4b3dJZFBzSHpBNDBmcUp4cHQ0dmdZWHBRMElubnJOamo2TjVYbEJ5MFg0MDUKeEpVTUt4V0tKaW80Tm05NnE4cDROU2FHK3Byb2FpSHFMZC9LWWorWjUrbTFuTThMUVB4MFU2T2FOMXJjZmJDcgpldFpaMHRRV1V4RWZpVFJqdkk2Y3N0SmxKR05SM0NVNU5vVkhoWE5Ici9tL0dkNmRQS1NZWEp6RkZoOWQrSWtRCm1rcVIrbHEwVzM2cmJremY3SFhpK3Q4aG1Rb1JlRmd2TzZ6OXhlb2hFOXdJSDAwbno1MjM3ZXZhYTJFTnpUVmoKdXhtYmRQUHhUcXA3TVN6RWJXSFZlWW42eXFHL0pvRUlUbGNoSHphV3h5bE04NUtseXJJWUpJS1ZUWTFoaXZDRAphQXk5TXB6Q2RQUXdWRkVva3JZVnE4WTdSZkY3Z2crNjVjOVgxU2FwZmk3K0NSeENXZUlheS9XZndPem1vZ3g4ClZrZnhIY3BwREJZeHV6allaSlYvLzllNU96ZkRXdzNneXpMTk85Uzd3WEN4MW01MDdhQU5YN25DZW50cUFjY2EKTHVtdUYxc3pZdXFvenZ0ZFVJNXNJNzFScGxRNGlpejQwMk5SUldCSFFWWisySlM3QmZuV0RROFhZSktIZEpmRwpiTTE1ZWlSRCtwTnl6a1R3VHBVNGtRSURBUUFCbzFZd1ZEQU9CZ05WSFE4QkFmOEVCQU1DQmFBd0V3WURWUjBsCkJBd3dDZ1lJS3dZQkJRVUhBd0l3REFZRFZSMFRBUUgvQkFJd0FEQWZCZ05WSFNNRUdEQVdnQlNTTDFSOS9DVC8KODc2V0o3Y21BbEd0Qno4OTV6QU5CZ2txaGtpRzl3MEJBUXNGQUFPQ0FnRUFjWXZaVnFodkZacVdUSGNtciswVQpsOUlNa05tdVRBdVp6aEhCN0x5ejVGWkdleStqRk50WWhYWitpYUVGSlZhcFJqRkg0QW9QVVRZK3pqT2xHRnNZCmJQd2FSOGRRNmlzRnptdlJlSkNwU3JTUUhVQkd0dENrSTU2bWhSQjNmcGxSK1I3RjdTM3BwU3hlWDZxN1FMTmYKdnppWE1qdGQ1NlNramNhSXFlVGh0dWJoZ1o4S1oyUS94em95WVJDNnVCTXViTXVQSW9udWVrNXVjRTQ3V1grcgpMUDNoOThrNyszTkVEMGRFalJMYlhwMXZpNE9qSkRDVE1WMEhRNG9RK2hJUEZSdXQ1aUZUZXlQS3hVbXMwT0VqCjBHTk9JMXpuZ0s4S0pFUmw1R3BjcGVuLytwc1JyOEFRa3gxdW1WcHpYMXB6N3ZkbmsrWlNNM29scHRUekVXRFYKVEJDU0Z4NFVmRHZKNm1CUk1ETnM4VUNscS8yM1c2elBobyt0WWUxL2ppbmVzWEpRKzBvd3E5bW1NS3UwSHF1NQpJQ01RckJacEs3RnJENWU5bkRtR1Y0Sitmd1R5ZjRrenFHaVFpNEpqd3VVNFBhSUNWMStLS05USlBFN3lERXZaClRnNVVmTE9pMTlLQ3dicHFSV1FwMllVMUtBaCs1dTFkYlJoYWF6MHdObHBXUFRuM2FEdnhtR3d0ZU4xTkhFa0sKZmpmUUVNNEd6TVRJVTBQRnhFRFNsOHl1aXpDK3dkekZ3RVY2Q1BOSUhYTCtjRWFBS01UcEtyVzVocVRxbWhpdQp4QzBWaUx4QnQ2VWdpajlNaytMaDAraEVQVFVoYjJXZnROZEhabndRenNvYWNnZkVDc2VEOGpETHZBeTdJZGxHCjZyN2cwWTFidjAvOGVxbHpnZ25zZjBNPQotLS0tLUVORCBDRVJUSUZJQ0FURS0tLS0tCg==",
                "client_key": "LS0tLS1CRUdJTiBSU0EgUFJJVkFURSBLRVktLS0tLQpNSUlKS1FJQkFBS0NBZ0VBMlJ5bDkwSHlpR0V2cHFnbHBkK21oQU9uN3pyYTliSDk1cFd1NmxjOTY4Tmp6azJKCldVU3VNeXl1cjF6ZjlHZ01NSFRSM1lkYVIyUG9mSzNKMHJ2TlpzalNjd0J2SFNKWk4zUXh1WmswbnhaYUpzbVgKd2NpUmxmSkhzYlN2bjVTYm5Zd2E1TGVpTWYxSHVlZCtTVVFJa21HZ00yNThoTEN4MW5pUVlOUzR2S01DSFQ3Qgo4d09OSDZpY2FiZUw0R0Y2VU5DSjU2elk0K2plVjVRY3RGK05PY1NWRENzVmlpWXFPRFp2ZXF2S2VEVW1odnFhCjZHb2g2aTNmeW1JL21lZnB0WnpQQzBEOGRGT2ptamRhM0gyd3EzcldXZExVRmxNUkg0azBZN3lPbkxMU1pTUmoKVWR3bE9UYUZSNFZ6UjYvNXZ4bmVuVHlrbUZ5Y3hSWWZYZmlKRUpwS2tmcGF0RnQrcTI1TTMreDE0dnJmSVprSwpFWGhZTHp1cy9jWHFJUlBjQ0I5Tko4K2R0KzNyMm10aERjMDFZN3NabTNUejhVNnFlekVzeEcxaDFYbUorc3FoCnZ5YUJDRTVYSVI4MmxzY3BUUE9TcGNxeUdDU0NsVTJOWVlyd2cyZ012VEtjd25UME1GUlJLSksyRmF2R08wWHgKZTRJUHV1WFBWOVVtcVg0dS9na2NRbG5pR3N2MW44RHM1cUlNZkZaSDhSM0thUXdXTWJzNDJHU1ZmLy9YdVRzMwp3MXNONE1zeXpUdlV1OEZ3c2RadWRPMmdEVis1d25wN2FnSEhHaTdwcmhkYk0yTHFxTTc3WFZDT2JDTzlVYVpVCk9Jb3MrTk5qVVVWZ1IwRldmdGlVdXdYNTFnMFBGMkNTaDNTWHhtek5lWG9rUS9xVGNzNUU4RTZWT0pFQ0F3RUEKQVFLQ0FnRUF2Nnc5RVZjVlNUV1RuZXdnb0pvY0pid2NqR1ZIWFZXd005dTl1b0VlMTM5K0kybnNjZlRpWGFkNgo2TEp6dlJBR2d0ai9WalhpaTlnMkxhdzMyMldWWnNLd21IcXZuZWJ2SUxmaUZscWRURDJ0aFVUQVI0Sk1sVFo1CitQYnRmVkx6TjFtemZHeHFNdnZLVU9PQWFDbzU3eEZsSDBMUmgwdC9GVHNISzVWaEtwZzJpNThXRnZieHBodHoKU3htUjBadjlJaytaRUFGVzBZNktqSUxqL0pIRzJsTWt5c05XbHNvdXg4VzNFWE9Nb2ljNlJqd0VlbDhJWmZmdAo5SHhjYmdHQ0lLVzVXOVFaakpFeWhEbU9hODVESklDanNGVWlqRHIxaVFQV1RwN3V3SVJXbnBoTFhyK2QxUzYrCjUyOTNZTGlKSWg4eW0xb29iYUtGZkxHVks1NzVVU0JXOWpLWEJ1WlI0MTQxcFhTeHpuZ2s5MFhCb1FMY3Fvd3kKN0hCem9pNVZiaWcvTzdPTlVNMGFyOHJsUEVEM2xjNnA5cmVtck8yVEtZYVpONi9GWjlyS1B4Y2JOMnoyL1BlcAo4aG0rMFNWYldMMEJNQ2lvOHBubUFiV3lmeUFuTGZvMUhMMDFMR1N4dWJNK3NsT3BJejkyS1BuMUNBRFluQU9DClI5VVpNY2VqTFJFZGV1Y2wzdHpvRDNxYTNERE9mT3doQmhQWGJJd2RYZ0VXL25KenhIN3NLajFYQThNYzZkNGgKTWc1U1NRcVNOOXF5VXB6VUxhRjZHQ1FVTDJOamp1TE94OHdvVWlUdXVaTUNzdWdXT1U2Nk9xaG9SbmJEZkFNSQpLNjgyWU15ZzVRb2NQLzFMeHZvRDQ2d3R0cUtod3FCU25XbnVrdG8yWks1MzhuaTA1R2tDZ2dFQkFQWi9NSE1vCk9MQkFyd0Vjb3h2UFJIZXNWdHQra0Z1V3lhRDlnZVIyZDltV0dKeDFSYXB3aTlLVGVnN2NsbkFOVWkyZW9pNm0KUGJPTWNTWDBNNWt6ZVBjV3BLZ0FiSnU0LzVUSDFaWTJRVVVRYUVTK0g3VnoycGg5cFUwUFBtak85Qzl6STdzUwp4QURqTEx4bVZoOTFaMFpHeGVNemd5NUZOWExGeTJCSENRa25hVEt0L3YzSUJXS01kTFRkNWc4dk1FcTRWaW9pCnhVaGR2czhSRVl0TVpLbkdxWXR2T29zUlcwRUR1d2VjUmU3cjVvTEdGVzhmbjUvY25QeW0zb3IvbXRlUTJXN0MKRWs5L0JqWDUwQldpekJHSlRFTU56eVVmK3BDR0dxM1NqdTkwS3ovaVVTcXozaWg5Tmt2R3RDVkJKVjk3MmVpbQpCbERCRW1DRTNJVFl1Zk1DZ2dFQkFPRjdjWHc4aFRoYmo4WmtxNzBvd281RE1UUGtEaTlYSHJmSXZ1WVk2d05iClFGTHJIek9hNXNWbEMya1I2cDJiT0c5bkhDSXUvZnVYYTJlRDd2MUZya2plTlp1NDB0MURiK3dEbnBoNWZuaDUKMWgvVjMxOWkyQnp6RzZYU2gyYTg3TmxRdG4yM1dSK1hTblExY3gvZVdDWW1FZi9Pc2Y1MndtS0JickMrTjR1cgpyY1lGazQ3SmQ0ZGhEMzhXcVlRbmEybThKSVMyeDNBYXM1NEo0dExlY1V0MldvQWJXOGx4bnBRYnA3QUw3d0pSCkdwZ21id1Q5TmNDLy82dEhVQ1k2clpYMCtSckF3MytTZU9hemh6ZlJjNjNXU0p6Y29mc3BMTFZvYy90ai9LUDIKVmcrYmd0M1U3NFc2aERDNkpsNFNGZ25za09jWGpQbkpkaVphRE5SaWdHc0NnZ0VCQU9VbGYrak5yMFZLSEdZdwpOUUVaUVZEdkNSK3JISS9JTVZCVDJuaUVHUTVSRmpmOFhQTUJCVHFRbHB0U1BSZVZpcHVXS0xhdEhCYlpyQ1hZClNrOVZKbEtzM2d5L3VEZGJWMXo4R0hZM29aMk9qeCs0anNta0ZjWkVwM0puaFdEeFl0YnBkb0htQkFlL0tFdEwKNXl2L2ZDNDhoS0dkdFlsQ0ZWbkl2ak9XVmJRSXl5YXQwYW9pVTc4MVN4a0lYMkltUUFKMk1zT2c1ejFLeUtLOQovMDA3aXlpNDRjd1picGJ4WDUrazFDMVMvVUFLVkpPbGlTOXdlbmVtSXRwTVZmMXBlSXlFdjF6VFZTcEpyNEJsCjV5YjEzRGRCSjMvK1NsNzh4M1dxOVFvNS8xNWk1QUhUWmhrSWRMRzNGTTZFdmRzVUlLWVBBSmZpSDJUYTF6YWEKekZWREZEa0NnZ0VBWUh1YzNPZGNyZmZuOXFHZkp5cm96VTBOSWNJbEc3YXdxejJZQ2dlQmtJY2NhQjY1MURBbApMVFFHaE9nb3QxWHkrU0JxMW1tN1BrdlZwbzY2MWQ5YUswNENMR2NTdTZFZXBDUU1XZndxMU14MWhsdlM0Qk1BCm5LcWVHditSOXJGQ3U5NmdwL3lyZ3l3T3JOa3VNT1hJWEZLUUF5RGo0eG5ZSmFSeXcrZ3hCbS9veE1JZ0dNbzIKZmxSVytDK3ZTNkErZ3hrQm0xUkcxTDVvTzJqSmlTZXIzUG1BMGk1aXdUai8vU28wUDgxcmNWZFpCTi8xUTNKQgo3UDk3SEVSQWxJc3BPZkNBSXlWMndnRGdBUCt6RFh4dmZtUWg0QlU4cnFjNHZVczd6Y2RFRkxqVXJJc0RuWDUvCkczN3JENXFuempyNCtUZ2o3TzZUNFZLR1h2VExacG5iandLQ0FRQXlrekE3Rk9CdjRiRDB4WjBpRGhBWTgzdHEKdFIxMG5sVkc2NUwvUzBTQ1g4UVBUSVRKVWJHNTRoT01hSnE2NzBsQnp0WjRSdzB1aW5GWFZSOEJOY2ZEL1ZwQwpZak9yYThEM2ZSeTFoY21KMTdqRGRYY0hmZkNycFJ2NDVZN1FNSHBLOXJPTlRRTzJCQS9xZU5pYUZRZ3ZnUDI2CnI5TmU3RWNXLzVvYlYzOG9SNURjaFVwcmhQdkhWMnI4YUtvTmZpQU1iWEFBZ2xVcXNYRFBjTG5UalRRMkpBUXkKUlY5NlM0clRhczZWTlVXdmdCOVRmbnR1QUZ4aEhoUFRsRzIrZXU0UGVPZkxpZEFvbE1NTGdVQzIrUHRUdW53ZApmdzdQNXgrSFYrcVhLb29oT3Z6cG9zSUpRZW04T2J4VDFIWGR3MTNQeHZockpCejQzcHd3djNXRTZ5cDEKLS0tLS1FTkQgUlNBIFBSSVZBVEUgS0VZLS0tLS0K",
                "cluster_ca_certificate": "LS0tLS1CRUdJTiBDRVJUSUZJQ0FURS0tLS0tCk1JSUU2VENDQXRHZ0F3SUJBZ0lSQUlJRDIyNmtKU0R0MUNVS0ZTY2hRZVl3RFFZSktvWklodmNOQVFFTEJRQXcKRFRFTE1Ba0dBMVVFQXhNQ1kyRXdJQmNOTWpVd05qSXpNVEUxTURFeVdoZ1BNakExTlRBMk1qTXhNakF3TVRKYQpNQTB4Q3pBSkJnTlZCQU1UQW1OaE1JSUNJakFOQmdrcWhraUc5dzBCQVFFRkFBT0NBZzhBTUlJQ0NnS0NBZ0VBCnNmZjl6NHNOREg0MWNTRk5IK3VZcldqRDYxR01CMG5LaElWUUhoa1pzdTBtazBySUIrUFkxcDE1MXd4cmRkUzcKQnZFSUxnVG00UHhDMUZqVmFHMERTVXZvYXhDNDNEYlJDSEpEZWd3VjlITFdtQVBwejFIMmxCb3EwWER0ejJndQpxTHFJN1dNYStSWDVhdW9iWnhIaTNqOGI1ZC9jZ1NjSXVLRUprbklqcFhrUmlvWnBrdEphYitWVS9ncklmdVJFClkyMUxkWW1SWmdVb3BzUExYQ2ZDaXhydDlsalQySmxOZ2IrY3FycjhKN3hHV1dYZUFuczRTQ1RBc084OXdEcFIKbXBKM1B3VUpPdGRVTy9LSzBQZHVDOHhVQTN6VTBqOXF4UnlTM0ZvcTVja3J5RjBQZ3ovelkzM1gzMCtEeVY5dgpKSE9tb3k4QmlWVFVSd1dUSGkrZmRmS2FRVlRqSFZjdy9qbllNeFBiZ0NHVUtGeDI1cWFoSGlXY0U4bFU4eVcvCkg5OTBsd2tHeVJIdWZuTFlYYlI5NWc4ajNJMVNyUHRBZVozMVBjL1JLcGhBRStzbGlvRjY2RTU4ME5NQ0VpYzUKdkRocGkxYUlscDJwVHNna3o4ZnpDRGlmeU1ERTVyWUZ3QXc5TmpZMFF3NmJLNHBUV092Y0JFNjcvZTdMQnBzWQpFaFNQaTZRS3hjcFAyNkNWT0lmZ21zRHFGZG14S3NFcW91bFN0SHlDTnVsWk5tbm1VRzRNdGM4em90L1l0enh1Ci9KL2FMQ3poZTJCTURlNzkvb0c1QVRxckJVeHdJMzFTZE53VDhocnVicFF1ZUtwVDd6T2xubzR3Z1AweEZod1YKWkZucDN5ZW42ZjRnMTExT2tBS0VhTEtmTmxIVmlvSGM5YnIxTEZrajN5Y0NBd0VBQWFOQ01FQXdEZ1lEVlIwUApBUUgvQkFRREFnS2tNQThHQTFVZEV3RUIvd1FGTUFNQkFmOHdIUVlEVlIwT0JCWUVGSkl2VkgzOEpQL3p2cFluCnR5WUNVYTBIUHozbk1BMEdDU3FHU0liM0RRRUJDd1VBQTRJQ0FRQTdWTXU0K2ZIMEg2eW01Q2NSVklUekw5azcKMU5VdVJHS3I0a21yMG9WNGpneVVEUWU4VGNCOHJFaWFBcy91Yms0Z3J1b084czJsN0JxbDMyNUs1Uk9sSFVwawo1TTV5ckl5TTBiSjFacEZOcU92UzZsWVAzdEJQckVRNkFEUDlxS2VQZVpKWjNIdURKNk1CL1QrUzVXWlkrRG5MCmFtOGxUR0h6TCt1TlJvVHkyK2daYkZmQzYrY2ZXV1BxaThmWVZnQ2JJcVNaZzdya0JiVkl1QWxDZkZ6K0hMVGoKbkRIVVBaVkJuR3RRczVPTHQyYWVTeUIvVTVtL1VCOVNvY2d2eEJkYzNzWFFRMTMyOUtVNHIvbW8rRnJjT0VzYQpIanM0Q2dxRDFwTnpieXpjMmhjWURtMjJJNHRMa1BoTU9zSE8zWXRVem5JdmZvOEVVajg4S2xmL052TlA4bEJCCitHRjkxUDNzMW1VWlpNQWFHZUZSaG05NUR6bVNsdzdWSWRLdzJXcjkzODB6djB0Rk9aWnpxSm5iSkI5UnVlamQKdDYvUXFJc2NRZmFNbmZ2dmxLOVo5WnlHL2RWMDNtdm1XRDg4VzFHT0dLdXg5SnorWnRHOWdDNVNyQXI4Q1FnVgpjWnZNenAvSXluR3c4dXpFTXZhRThDcVhMaEZ6V0dBdkpLY3kwQnNaQXJ3UnhvRXBJZ0RKOTRsRmFvbkljUHUxCjRsUGJjeUVMbVRoV08rWkkrazhCYktDN2Y5ZnNpL0krT2p3cEFoWmZRVi95U3dCS2hiYjRUMHNwVGRySW03amEKU25ubHlFeGEyT1R5M2pRdDI4TFYwZHVnS2swS2FVTm9GVFU4TFdqeFZRUkxzRjdMWHExM2dOM0FYNVh0OFo0YQpNTlF6MUQ2amt4a24rdE9jN3c9PQotLS0tLUVORCBDRVJUSUZJQ0FURS0tLS0tCg==",
                "host": "https://todo-dev-dns-egmmkume.hcp.canadacentral.azmk8s.io:443",
                "password": "n5xkqv0qdklciv3s09u1efboz5qwqou5k2ixjsxvw0nwnhs70fetzbmu1pyc4ayx2qp2fq7e4pu4xw0b46l0wksvg9r8f1u42692oj3gwsqfg5zjqgchy0zzwwehcsx1",
                "username": "clusterUser_todo-rg-dev_todo-aks"
              }
            ],
            "kube_config_raw": "apiVersion: v1\nclusters:\n- cluster:\n    certificate-authority-data: LS0tLS1CRUdJTiBDRVJUSUZJQ0FURS0tLS0tCk1JSUU2VENDQXRHZ0F3SUJBZ0lSQUlJRDIyNmtKU0R0MUNVS0ZTY2hRZVl3RFFZSktvWklodmNOQVFFTEJRQXcKRFRFTE1Ba0dBMVVFQXhNQ1kyRXdJQmNOTWpVd05qSXpNVEUxTURFeVdoZ1BNakExTlRBMk1qTXhNakF3TVRKYQpNQTB4Q3pBSkJnTlZCQU1UQW1OaE1JSUNJakFOQmdrcWhraUc5dzBCQVFFRkFBT0NBZzhBTUlJQ0NnS0NBZ0VBCnNmZjl6NHNOREg0MWNTRk5IK3VZcldqRDYxR01CMG5LaElWUUhoa1pzdTBtazBySUIrUFkxcDE1MXd4cmRkUzcKQnZFSUxnVG00UHhDMUZqVmFHMERTVXZvYXhDNDNEYlJDSEpEZWd3VjlITFdtQVBwejFIMmxCb3EwWER0ejJndQpxTHFJN1dNYStSWDVhdW9iWnhIaTNqOGI1ZC9jZ1NjSXVLRUprbklqcFhrUmlvWnBrdEphYitWVS9ncklmdVJFClkyMUxkWW1SWmdVb3BzUExYQ2ZDaXhydDlsalQySmxOZ2IrY3FycjhKN3hHV1dYZUFuczRTQ1RBc084OXdEcFIKbXBKM1B3VUpPdGRVTy9LSzBQZHVDOHhVQTN6VTBqOXF4UnlTM0ZvcTVja3J5RjBQZ3ovelkzM1gzMCtEeVY5dgpKSE9tb3k4QmlWVFVSd1dUSGkrZmRmS2FRVlRqSFZjdy9qbllNeFBiZ0NHVUtGeDI1cWFoSGlXY0U4bFU4eVcvCkg5OTBsd2tHeVJIdWZuTFlYYlI5NWc4ajNJMVNyUHRBZVozMVBjL1JLcGhBRStzbGlvRjY2RTU4ME5NQ0VpYzUKdkRocGkxYUlscDJwVHNna3o4ZnpDRGlmeU1ERTVyWUZ3QXc5TmpZMFF3NmJLNHBUV092Y0JFNjcvZTdMQnBzWQpFaFNQaTZRS3hjcFAyNkNWT0lmZ21zRHFGZG14S3NFcW91bFN0SHlDTnVsWk5tbm1VRzRNdGM4em90L1l0enh1Ci9KL2FMQ3poZTJCTURlNzkvb0c1QVRxckJVeHdJMzFTZE53VDhocnVicFF1ZUtwVDd6T2xubzR3Z1AweEZod1YKWkZucDN5ZW42ZjRnMTExT2tBS0VhTEtmTmxIVmlvSGM5YnIxTEZrajN5Y0NBd0VBQWFOQ01FQXdEZ1lEVlIwUApBUUgvQkFRREFnS2tNQThHQTFVZEV3RUIvd1FGTUFNQkFmOHdIUVlEVlIwT0JCWUVGSkl2VkgzOEpQL3p2cFluCnR5WUNVYTBIUHozbk1BMEdDU3FHU0liM0RRRUJDd1VBQTRJQ0FRQTdWTXU0K2ZIMEg2eW01Q2NSVklUekw5azcKMU5VdVJHS3I0a21yMG9WNGpneVVEUWU4VGNCOHJFaWFBcy91Yms0Z3J1b084czJsN0JxbDMyNUs1Uk9sSFVwawo1TTV5ckl5TTBiSjFacEZOcU92UzZsWVAzdEJQckVRNkFEUDlxS2VQZVpKWjNIdURKNk1CL1QrUzVXWlkrRG5MCmFtOGxUR0h6TCt1TlJvVHkyK2daYkZmQzYrY2ZXV1BxaThmWVZnQ2JJcVNaZzdya0JiVkl1QWxDZkZ6K0hMVGoKbkRIVVBaVkJuR3RRczVPTHQyYWVTeUIvVTVtL1VCOVNvY2d2eEJkYzNzWFFRMTMyOUtVNHIvbW8rRnJjT0VzYQpIanM0Q2dxRDFwTnpieXpjMmhjWURtMjJJNHRMa1BoTU9zSE8zWXRVem5JdmZvOEVVajg4S2xmL052TlA4bEJCCitHRjkxUDNzMW1VWlpNQWFHZUZSaG05NUR6bVNsdzdWSWRLdzJXcjkzODB6djB0Rk9aWnpxSm5iSkI5UnVlamQKdDYvUXFJc2NRZmFNbmZ2dmxLOVo5WnlHL2RWMDNtdm1XRDg4VzFHT0dLdXg5SnorWnRHOWdDNVNyQXI4Q1FnVgpjWnZNenAvSXluR3c4dXpFTXZhRThDcVhMaEZ6V0dBdkpLY3kwQnNaQXJ3UnhvRXBJZ0RKOTRsRmFvbkljUHUxCjRsUGJjeUVMbVRoV08rWkkrazhCYktDN2Y5ZnNpL0krT2p3cEFoWmZRVi95U3dCS2hiYjRUMHNwVGRySW03amEKU25ubHlFeGEyT1R5M2pRdDI4TFYwZHVnS2swS2FVTm9GVFU4TFdqeFZRUkxzRjdMWHExM2dOM0FYNVh0OFo0YQpNTlF6MUQ2amt4a24rdE9jN3c9PQotLS0tLUVORCBDRVJUSUZJQ0FURS0tLS0tCg==\n    server: https://todo-dev-dns-egmmkume.hcp.canadacentral.azmk8s.io:443\n  name: todo-aks\ncontexts:\n- context:\n    cluster: todo-aks\n    user: clusterUser_todo-rg-dev_todo-aks\n  name: todo-aks\ncurrent-context: todo-aks\nkind: Config\npreferences: {}\nusers:\n- name: clusterUser_todo-rg-dev_todo-aks\n  user:\n    client-certificate-data: LS0tLS1CRUdJTiBDRVJUSUZJQ0FURS0tLS0tCk1JSUZIVENDQXdXZ0F3SUJBZ0lRWXg3RFRudHZjcG5RbmtvK213RnlUekFOQmdrcWhraUc5dzBCQVFzRkFEQU4KTVFzd0NRWURWUVFERXdKallUQWVGdzB5TlRBMk1qTXhNVFV3TVRKYUZ3MHlOekEyTWpNeE1qQXdNVEphTURBeApGekFWQmdOVkJBb1REbk41YzNSbGJUcHRZWE4wWlhKek1SVXdFd1lEVlFRREV3eHRZWE4wWlhKamJHbGxiblF3CmdnSWlNQTBHQ1NxR1NJYjNEUUVCQVFVQUE0SUNEd0F3Z2dJS0FvSUNBUURaSEtYM1FmS0lZUyttcUNXbDM2YUUKQTZmdk90cjFzZjNtbGE3cVZ6M3J3MlBPVFlsWlJLNHpMSzZ2WE4vMGFBd3dkTkhkaDFwSFkraDhyY25TdTgxbQp5Tkp6QUc4ZElsazNkREc1bVRTZkZsb215WmZCeUpHVjhrZXh0SytmbEp1ZGpCcmt0Nkl4L1VlNTUzNUpSQWlTCllhQXpibnlFc0xIV2VKQmcxTGk4b3dJZFBzSHpBNDBmcUp4cHQ0dmdZWHBRMElubnJOamo2TjVYbEJ5MFg0MDUKeEpVTUt4V0tKaW80Tm05NnE4cDROU2FHK3Byb2FpSHFMZC9LWWorWjUrbTFuTThMUVB4MFU2T2FOMXJjZmJDcgpldFpaMHRRV1V4RWZpVFJqdkk2Y3N0SmxKR05SM0NVNU5vVkhoWE5Ici9tL0dkNmRQS1NZWEp6RkZoOWQrSWtRCm1rcVIrbHEwVzM2cmJremY3SFhpK3Q4aG1Rb1JlRmd2TzZ6OXhlb2hFOXdJSDAwbno1MjM3ZXZhYTJFTnpUVmoKdXhtYmRQUHhUcXA3TVN6RWJXSFZlWW42eXFHL0pvRUlUbGNoSHphV3h5bE04NUtseXJJWUpJS1ZUWTFoaXZDRAphQXk5TXB6Q2RQUXdWRkVva3JZVnE4WTdSZkY3Z2crNjVjOVgxU2FwZmk3K0NSeENXZUlheS9XZndPem1vZ3g4ClZrZnhIY3BwREJZeHV6allaSlYvLzllNU96ZkRXdzNneXpMTk85Uzd3WEN4MW01MDdhQU5YN25DZW50cUFjY2EKTHVtdUYxc3pZdXFvenZ0ZFVJNXNJNzFScGxRNGlpejQwMk5SUldCSFFWWisySlM3QmZuV0RROFhZSktIZEpmRwpiTTE1ZWlSRCtwTnl6a1R3VHBVNGtRSURBUUFCbzFZd1ZEQU9CZ05WSFE4QkFmOEVCQU1DQmFBd0V3WURWUjBsCkJBd3dDZ1lJS3dZQkJRVUhBd0l3REFZRFZSMFRBUUgvQkFJd0FEQWZCZ05WSFNNRUdEQVdnQlNTTDFSOS9DVC8KODc2V0o3Y21BbEd0Qno4OTV6QU5CZ2txaGtpRzl3MEJBUXNGQUFPQ0FnRUFjWXZaVnFodkZacVdUSGNtciswVQpsOUlNa05tdVRBdVp6aEhCN0x5ejVGWkdleStqRk50WWhYWitpYUVGSlZhcFJqRkg0QW9QVVRZK3pqT2xHRnNZCmJQd2FSOGRRNmlzRnptdlJlSkNwU3JTUUhVQkd0dENrSTU2bWhSQjNmcGxSK1I3RjdTM3BwU3hlWDZxN1FMTmYKdnppWE1qdGQ1NlNramNhSXFlVGh0dWJoZ1o4S1oyUS94em95WVJDNnVCTXViTXVQSW9udWVrNXVjRTQ3V1grcgpMUDNoOThrNyszTkVEMGRFalJMYlhwMXZpNE9qSkRDVE1WMEhRNG9RK2hJUEZSdXQ1aUZUZXlQS3hVbXMwT0VqCjBHTk9JMXpuZ0s4S0pFUmw1R3BjcGVuLytwc1JyOEFRa3gxdW1WcHpYMXB6N3ZkbmsrWlNNM29scHRUekVXRFYKVEJDU0Z4NFVmRHZKNm1CUk1ETnM4VUNscS8yM1c2elBobyt0WWUxL2ppbmVzWEpRKzBvd3E5bW1NS3UwSHF1NQpJQ01RckJacEs3RnJENWU5bkRtR1Y0Sitmd1R5ZjRrenFHaVFpNEpqd3VVNFBhSUNWMStLS05USlBFN3lERXZaClRnNVVmTE9pMTlLQ3dicHFSV1FwMllVMUtBaCs1dTFkYlJoYWF6MHdObHBXUFRuM2FEdnhtR3d0ZU4xTkhFa0sKZmpmUUVNNEd6TVRJVTBQRnhFRFNsOHl1aXpDK3dkekZ3RVY2Q1BOSUhYTCtjRWFBS01UcEtyVzVocVRxbWhpdQp4QzBWaUx4QnQ2VWdpajlNaytMaDAraEVQVFVoYjJXZnROZEhabndRenNvYWNnZkVDc2VEOGpETHZBeTdJZGxHCjZyN2cwWTFidjAvOGVxbHpnZ25zZjBNPQotLS0tLUVORCBDRVJUSUZJQ0FURS0tLS0tCg==\n    client-key-data: LS0tLS1CRUdJTiBSU0EgUFJJVkFURSBLRVktLS0tLQpNSUlKS1FJQkFBS0NBZ0VBMlJ5bDkwSHlpR0V2cHFnbHBkK21oQU9uN3pyYTliSDk1cFd1NmxjOTY4Tmp6azJKCldVU3VNeXl1cjF6ZjlHZ01NSFRSM1lkYVIyUG9mSzNKMHJ2TlpzalNjd0J2SFNKWk4zUXh1WmswbnhaYUpzbVgKd2NpUmxmSkhzYlN2bjVTYm5Zd2E1TGVpTWYxSHVlZCtTVVFJa21HZ00yNThoTEN4MW5pUVlOUzR2S01DSFQ3Qgo4d09OSDZpY2FiZUw0R0Y2VU5DSjU2elk0K2plVjVRY3RGK05PY1NWRENzVmlpWXFPRFp2ZXF2S2VEVW1odnFhCjZHb2g2aTNmeW1JL21lZnB0WnpQQzBEOGRGT2ptamRhM0gyd3EzcldXZExVRmxNUkg0azBZN3lPbkxMU1pTUmoKVWR3bE9UYUZSNFZ6UjYvNXZ4bmVuVHlrbUZ5Y3hSWWZYZmlKRUpwS2tmcGF0RnQrcTI1TTMreDE0dnJmSVprSwpFWGhZTHp1cy9jWHFJUlBjQ0I5Tko4K2R0KzNyMm10aERjMDFZN3NabTNUejhVNnFlekVzeEcxaDFYbUorc3FoCnZ5YUJDRTVYSVI4MmxzY3BUUE9TcGNxeUdDU0NsVTJOWVlyd2cyZ012VEtjd25UME1GUlJLSksyRmF2R08wWHgKZTRJUHV1WFBWOVVtcVg0dS9na2NRbG5pR3N2MW44RHM1cUlNZkZaSDhSM0thUXdXTWJzNDJHU1ZmLy9YdVRzMwp3MXNONE1zeXpUdlV1OEZ3c2RadWRPMmdEVis1d25wN2FnSEhHaTdwcmhkYk0yTHFxTTc3WFZDT2JDTzlVYVpVCk9Jb3MrTk5qVVVWZ1IwRldmdGlVdXdYNTFnMFBGMkNTaDNTWHhtek5lWG9rUS9xVGNzNUU4RTZWT0pFQ0F3RUEKQVFLQ0FnRUF2Nnc5RVZjVlNUV1RuZXdnb0pvY0pid2NqR1ZIWFZXd005dTl1b0VlMTM5K0kybnNjZlRpWGFkNgo2TEp6dlJBR2d0ai9WalhpaTlnMkxhdzMyMldWWnNLd21IcXZuZWJ2SUxmaUZscWRURDJ0aFVUQVI0Sk1sVFo1CitQYnRmVkx6TjFtemZHeHFNdnZLVU9PQWFDbzU3eEZsSDBMUmgwdC9GVHNISzVWaEtwZzJpNThXRnZieHBodHoKU3htUjBadjlJaytaRUFGVzBZNktqSUxqL0pIRzJsTWt5c05XbHNvdXg4VzNFWE9Nb2ljNlJqd0VlbDhJWmZmdAo5SHhjYmdHQ0lLVzVXOVFaakpFeWhEbU9hODVESklDanNGVWlqRHIxaVFQV1RwN3V3SVJXbnBoTFhyK2QxUzYrCjUyOTNZTGlKSWg4eW0xb29iYUtGZkxHVks1NzVVU0JXOWpLWEJ1WlI0MTQxcFhTeHpuZ2s5MFhCb1FMY3Fvd3kKN0hCem9pNVZiaWcvTzdPTlVNMGFyOHJsUEVEM2xjNnA5cmVtck8yVEtZYVpONi9GWjlyS1B4Y2JOMnoyL1BlcAo4aG0rMFNWYldMMEJNQ2lvOHBubUFiV3lmeUFuTGZvMUhMMDFMR1N4dWJNK3NsT3BJejkyS1BuMUNBRFluQU9DClI5VVpNY2VqTFJFZGV1Y2wzdHpvRDNxYTNERE9mT3doQmhQWGJJd2RYZ0VXL25KenhIN3NLajFYQThNYzZkNGgKTWc1U1NRcVNOOXF5VXB6VUxhRjZHQ1FVTDJOamp1TE94OHdvVWlUdXVaTUNzdWdXT1U2Nk9xaG9SbmJEZkFNSQpLNjgyWU15ZzVRb2NQLzFMeHZvRDQ2d3R0cUtod3FCU25XbnVrdG8yWks1MzhuaTA1R2tDZ2dFQkFQWi9NSE1vCk9MQkFyd0Vjb3h2UFJIZXNWdHQra0Z1V3lhRDlnZVIyZDltV0dKeDFSYXB3aTlLVGVnN2NsbkFOVWkyZW9pNm0KUGJPTWNTWDBNNWt6ZVBjV3BLZ0FiSnU0LzVUSDFaWTJRVVVRYUVTK0g3VnoycGg5cFUwUFBtak85Qzl6STdzUwp4QURqTEx4bVZoOTFaMFpHeGVNemd5NUZOWExGeTJCSENRa25hVEt0L3YzSUJXS01kTFRkNWc4dk1FcTRWaW9pCnhVaGR2czhSRVl0TVpLbkdxWXR2T29zUlcwRUR1d2VjUmU3cjVvTEdGVzhmbjUvY25QeW0zb3IvbXRlUTJXN0MKRWs5L0JqWDUwQldpekJHSlRFTU56eVVmK3BDR0dxM1NqdTkwS3ovaVVTcXozaWg5Tmt2R3RDVkJKVjk3MmVpbQpCbERCRW1DRTNJVFl1Zk1DZ2dFQkFPRjdjWHc4aFRoYmo4WmtxNzBvd281RE1UUGtEaTlYSHJmSXZ1WVk2d05iClFGTHJIek9hNXNWbEMya1I2cDJiT0c5bkhDSXUvZnVYYTJlRDd2MUZya2plTlp1NDB0MURiK3dEbnBoNWZuaDUKMWgvVjMxOWkyQnp6RzZYU2gyYTg3TmxRdG4yM1dSK1hTblExY3gvZVdDWW1FZi9Pc2Y1MndtS0JickMrTjR1cgpyY1lGazQ3SmQ0ZGhEMzhXcVlRbmEybThKSVMyeDNBYXM1NEo0dExlY1V0MldvQWJXOGx4bnBRYnA3QUw3d0pSCkdwZ21id1Q5TmNDLy82dEhVQ1k2clpYMCtSckF3MytTZU9hemh6ZlJjNjNXU0p6Y29mc3BMTFZvYy90ai9LUDIKVmcrYmd0M1U3NFc2aERDNkpsNFNGZ25za09jWGpQbkpkaVphRE5SaWdHc0NnZ0VCQU9VbGYrak5yMFZLSEdZdwpOUUVaUVZEdkNSK3JISS9JTVZCVDJuaUVHUTVSRmpmOFhQTUJCVHFRbHB0U1BSZVZpcHVXS0xhdEhCYlpyQ1hZClNrOVZKbEtzM2d5L3VEZGJWMXo4R0hZM29aMk9qeCs0anNta0ZjWkVwM0puaFdEeFl0YnBkb0htQkFlL0tFdEwKNXl2L2ZDNDhoS0dkdFlsQ0ZWbkl2ak9XVmJRSXl5YXQwYW9pVTc4MVN4a0lYMkltUUFKMk1zT2c1ejFLeUtLOQovMDA3aXlpNDRjd1picGJ4WDUrazFDMVMvVUFLVkpPbGlTOXdlbmVtSXRwTVZmMXBlSXlFdjF6VFZTcEpyNEJsCjV5YjEzRGRCSjMvK1NsNzh4M1dxOVFvNS8xNWk1QUhUWmhrSWRMRzNGTTZFdmRzVUlLWVBBSmZpSDJUYTF6YWEKekZWREZEa0NnZ0VBWUh1YzNPZGNyZmZuOXFHZkp5cm96VTBOSWNJbEc3YXdxejJZQ2dlQmtJY2NhQjY1MURBbApMVFFHaE9nb3QxWHkrU0JxMW1tN1BrdlZwbzY2MWQ5YUswNENMR2NTdTZFZXBDUU1XZndxMU14MWhsdlM0Qk1BCm5LcWVHditSOXJGQ3U5NmdwL3lyZ3l3T3JOa3VNT1hJWEZLUUF5RGo0eG5ZSmFSeXcrZ3hCbS9veE1JZ0dNbzIKZmxSVytDK3ZTNkErZ3hrQm0xUkcxTDVvTzJqSmlTZXIzUG1BMGk1aXdUai8vU28wUDgxcmNWZFpCTi8xUTNKQgo3UDk3SEVSQWxJc3BPZkNBSXlWMndnRGdBUCt6RFh4dmZtUWg0QlU4cnFjNHZVczd6Y2RFRkxqVXJJc0RuWDUvCkczN3JENXFuempyNCtUZ2o3TzZUNFZLR1h2VExacG5iandLQ0FRQXlrekE3Rk9CdjRiRDB4WjBpRGhBWTgzdHEKdFIxMG5sVkc2NUwvUzBTQ1g4UVBUSVRKVWJHNTRoT01hSnE2NzBsQnp0WjRSdzB1aW5GWFZSOEJOY2ZEL1ZwQwpZak9yYThEM2ZSeTFoY21KMTdqRGRYY0hmZkNycFJ2NDVZN1FNSHBLOXJPTlRRTzJCQS9xZU5pYUZRZ3ZnUDI2CnI5TmU3RWNXLzVvYlYzOG9SNURjaFVwcmhQdkhWMnI4YUtvTmZpQU1iWEFBZ2xVcXNYRFBjTG5UalRRMkpBUXkKUlY5NlM0clRhczZWTlVXdmdCOVRmbnR1QUZ4aEhoUFRsRzIrZXU0UGVPZkxpZEFvbE1NTGdVQzIrUHRUdW53ZApmdzdQNXgrSFYrcVhLb29oT3Z6cG9zSUpRZW04T2J4VDFIWGR3MTNQeHZockpCejQzcHd3djNXRTZ5cDEKLS0tLS1FTkQgUlNBIFBSSVZBVEUgS0VZLS0tLS0K\n    token: n5xkqv0qdklciv3s09u1efboz5qwqou5k2ixjsxvw0nwnhs70fetzbmu1pyc4ayx2qp2fq7e4pu4xw0b46l0wksvg9r8f1u42692oj3gwsqfg5zjqgchy0zzwwehcsx1\n",
            "kubelet_identity": [
              {
                "client_id": "e6396c39-5381-4fb6-9d6b-8db6a5a991d4",
                "object_id": "28d09fe8-b0be-469f-9c6a-13a3255480d6",
                "user_assigned_identity_id": "/subscriptions/2c6d9f81-9262-4a26-896d-5f9506a3a339/resourceGroups/MC_todo-rg-dev_todo-aks_canadacentral/providers/Microsoft.ManagedIdentity/userAssignedIdentities/todo-aks-agentpool"
              }
            ],
            "kubernetes_version": "1.31",
            "linux_profile": [],
            "local_account_disabled": false,
            "location": "canadacentral",
            "maintenance_window": [],
            "maintenance_window_auto_upgrade": [],
            "maintenance_window_node_os": [],
            "microsoft_defender": [],
            "monitor_metrics": [],
            "name": "todo-aks",
            "network_profile": [
              {
                "dns_service_ip": "10.0.0.10",
                "ip_versions": [
                  "IPv4"
                ],
                "load_balancer_profile": [
                  {
                    "backend_pool_type": "NodeIPConfiguration",
                    "effective_outbound_ips": [
                      "/subscriptions/2c6d9f81-9262-4a26-896d-5f9506a3a339/resourceGroups/MC_todo-rg-dev_todo-aks_canadacentral/providers/Microsoft.Network/publicIPAddresses/9bd770f9-0042-4dd3-ac7c-c98ed4dceee2"
                    ],
                    "idle_timeout_in_minutes": 0,
                    "managed_outbound_ip_count": 1,
                    "managed_outbound_ipv6_count": 0,
                    "outbound_ip_address_ids": [],
                    "outbound_ip_prefix_ids": [],
                    "outbound_ports_allocated": 0
                  }
                ],
                "load_balancer_sku": "standard",
                "nat_gateway_profile": [],
                "network_data_plane": "azure",
                "network_mode": "",
                "network_plugin": "azure",
                "network_plugin_mode": "",
                "network_policy": "",
                "outbound_type": "loadBalancer",
                "pod_cidr": "",
                "pod_cidrs": [],
                "service_cidr": "10.0.0.0/16",
                "service_cidrs": [
                  "10.0.0.0/16"
                ]
              }
            ],
            "node_os_upgrade_channel": "NodeImage",
            "node_resource_group": "MC_todo-rg-dev_todo-aks_canadacentral",
            "node_resource_group_id": "/subscriptions/2c6d9f81-9262-4a26-896d-5f9506a3a339/resourceGroups/MC_todo-rg-dev_todo-aks_canadacentral",
            "oidc_issuer_enabled": false,
            "oidc_issuer_url": "",
            "oms_agent": [],
            "open_service_mesh_enabled": false,
            "portal_fqdn": "todo-dev-dns-egmmkume.portal.hcp.canadacentral.azmk8s.io",
            "private_cluster_enabled": false,
            "private_cluster_public_fqdn_enabled": false,
            "private_dns_zone_id": "",
            "private_fqdn": "",
            "resource_group_name": "todo-rg-dev",
            "role_based_access_control_enabled": true,
            "run_command_enabled": true,
            "service_mesh_profile": [],
            "service_principal": [],
            "sku_tier": "Free",
            "storage_profile": [],
            "support_plan": "KubernetesOfficial",
            "tags": {},
            "timeouts": null,
            "upgrade_override": [],
            "web_app_routing": [],
            "windows_profile": [
              {
                "admin_password": "",
                "admin_username": "azureuser",
                "gmsa": [],
                "license": ""
              }
            ],
            "workload_autoscaler_profile": [],
            "workload_identity_enabled": false
          },
          "sensitive_attributes": [],
          "private": "eyJlMmJmYjczMC1lY2FhLTExZTYtOGY4OC0zNDM2M2JjN2M0YzAiOnsiY3JlYXRlIjo1NDAwMDAwMDAwMDAwLCJkZWxldGUiOjU0MDAwMDAwMDAwMDAsInJlYWQiOjMwMDAwMDAwMDAwMCwidXBkYXRlIjo1NDAwMDAwMDAwMDAwfSwic2NoZW1hX3ZlcnNpb24iOiIyIn0=",
          "dependencies": [
            "azurerm_resource_group.main"
          ]
        }
      ]
    },
    {
      "mode": "managed",
      "type": "azurerm_resource_group",
      "name": "main",
      "provider": "provider[\"registry.terraform.io/hashicorp/azurerm\"]",
      "instances": [
        {
          "schema_version": 0,
          "attributes": {
            "id": "/subscriptions/2c6d9f81-9262-4a26-896d-5f9506a3a339/resourceGroups/todo-rg-dev",
            "location": "canadacentral",
            "managed_by": "",
            "name": "todo-rg-dev",
            "tags": {},
            "timeouts": null
          },
          "sensitive_attributes": [],
          "private": "eyJlMmJmYjczMC1lY2FhLTExZTYtOGY4OC0zNDM2M2JjN2M0YzAiOnsiY3JlYXRlIjo1NDAwMDAwMDAwMDAwLCJkZWxldGUiOjU0MDAwMDAwMDAwMDAsInJlYWQiOjMwMDAwMDAwMDAwMCwidXBkYXRlIjo1NDAwMDAwMDAwMDAwfX0="
        }
      ]
    },
    {
      "mode": "managed",
      "type": "azurerm_role_assignment",
      "name": "aks_acr_pull",
      "provider": "provider[\"registry.terraform.io/hashicorp/azurerm\"]",
      "instances": [
        {
          "schema_version": 0,
          "attributes": {
            "condition": "",
            "condition_version": "",
            "delegated_managed_identity_resource_id": "",
            "description": "",
            "id": "/subscriptions/2c6d9f81-9262-4a26-896d-5f9506a3a339/resourceGroups/todo-rg-dev/providers/Microsoft.ContainerRegistry/registries/todoregistryxyz/providers/Microsoft.Authorization/roleAssignments/f4ed23d5-d247-70e6-fed0-c5abba74a452",
            "name": "f4ed23d5-d247-70e6-fed0-c5abba74a452",
            "principal_id": "28d09fe8-b0be-469f-9c6a-13a3255480d6",
            "principal_type": "ServicePrincipal",
            "role_definition_id": "/subscriptions/2c6d9f81-9262-4a26-896d-5f9506a3a339/providers/Microsoft.Authorization/roleDefinitions/7f951dda-4ed3-4680-a7ca-43fe172d538d",
            "role_definition_name": "AcrPull",
            "scope": "/subscriptions/2c6d9f81-9262-4a26-896d-5f9506a3a339/resourceGroups/todo-rg-dev/providers/Microsoft.ContainerRegistry/registries/todoregistryxyz",
            "skip_service_principal_aad_check": null,
            "timeouts": null
          },
          "sensitive_attributes": [],
          "private": "eyJlMmJmYjczMC1lY2FhLTExZTYtOGY4OC0zNDM2M2JjN2M0YzAiOnsiY3JlYXRlIjoxODAwMDAwMDAwMDAwLCJkZWxldGUiOjE4MDAwMDAwMDAwMDAsInJlYWQiOjMwMDAwMDAwMDAwMH19",
          "dependencies": [
            "azurerm_container_registry.acr",
            "azurerm_kubernetes_cluster.aks",
            "azurerm_resource_group.main"
          ]
        }
      ]
    },
    {
      "mode": "managed",
      "type": "azurerm_role_assignment",
      "name": "csi_kv_read",
      "provider": "provider[\"registry.terraform.io/hashicorp/azurerm\"]",
      "instances": [
        {
          "schema_version": 0,
          "attributes": {
            "condition": "",
            "condition_version": "",
            "delegated_managed_identity_resource_id": "",
            "description": "",
            "id": "/subscriptions/2c6d9f81-9262-4a26-896d-5f9506a3a339/resourceGroups/todo-rg-dev/providers/Microsoft.KeyVault/vaults/todo-kv-dev/providers/Microsoft.Authorization/roleAssignments/f8a8036f-99c0-f2da-ea09-0c9fed76b0a6",
            "name": "f8a8036f-99c0-f2da-ea09-0c9fed76b0a6",
            "principal_id": "28d09fe8-b0be-469f-9c6a-13a3255480d6",
            "principal_type": "ServicePrincipal",
            "role_definition_id": "/subscriptions/2c6d9f81-9262-4a26-896d-5f9506a3a339/providers/Microsoft.Authorization/roleDefinitions/4633458b-17de-408a-b874-0445c86b69e6",
            "role_definition_name": "Key Vault Secrets User",
            "scope": "/subscriptions/2c6d9f81-9262-4a26-896d-5f9506a3a339/resourceGroups/todo-rg-dev/providers/Microsoft.KeyVault/vaults/todo-kv-dev",
            "skip_service_principal_aad_check": null,
            "timeouts": null
          },
          "sensitive_attributes": [],
          "private": "eyJlMmJmYjczMC1lY2FhLTExZTYtOGY4OC0zNDM2M2JjN2M0YzAiOnsiY3JlYXRlIjoxODAwMDAwMDAwMDAwLCJkZWxldGUiOjE4MDAwMDAwMDAwMDAsInJlYWQiOjMwMDAwMDAwMDAwMH19",
          "dependencies": [
            "azurerm_key_vault.main",
            "azurerm_kubernetes_cluster.aks",
            "azurerm_resource_group.main"
          ]
        }
      ]
    },
    {
      "mode": "managed",
      "type": "azurerm_role_assignment",
      "name": "kv_reader",
      "provider": "provider[\"registry.terraform.io/hashicorp/azurerm\"]",
      "instances": [
        {
          "schema_version": 0,
          "attributes": {
            "condition": "",
            "condition_version": "",
            "delegated_managed_identity_resource_id": "",
            "description": "",
            "id": "/subscriptions/2c6d9f81-9262-4a26-896d-5f9506a3a339/resourceGroups/todo-rg-dev/providers/Microsoft.KeyVault/vaults/todo-kv-dev/providers/Microsoft.Authorization/roleAssignments/4049867d-a7c2-6232-777d-5db124be9002",
            "name": "4049867d-a7c2-6232-777d-5db124be9002",
            "principal_id": "37b3e523-4f2c-4f44-81c8-3e34c367e4de",
            "principal_type": "ServicePrincipal",
            "role_definition_id": "/subscriptions/2c6d9f81-9262-4a26-896d-5f9506a3a339/providers/Microsoft.Authorization/roleDefinitions/4633458b-17de-408a-b874-0445c86b69e6",
            "role_definition_name": "Key Vault Secrets User",
            "scope": "/subscriptions/2c6d9f81-9262-4a26-896d-5f9506a3a339/resourceGroups/todo-rg-dev/providers/Microsoft.KeyVault/vaults/todo-kv-dev",
            "skip_service_principal_aad_check": null,
            "timeouts": null
          },
          "sensitive_attributes": [],
          "private": "eyJlMmJmYjczMC1lY2FhLTExZTYtOGY4OC0zNDM2M2JjN2M0YzAiOnsiY3JlYXRlIjoxODAwMDAwMDAwMDAwLCJkZWxldGUiOjE4MDAwMDAwMDAwMDAsInJlYWQiOjMwMDAwMDAwMDAwMH19",
          "dependencies": [
            "azurerm_key_vault.main",
            "azurerm_resource_group.main",
            "azurerm_user_assigned_identity.github_identity",
            "data.azurerm_client_config.current"
          ]
        }
      ]
    },
    {
      "mode": "managed",
      "type": "azurerm_role_assignment",
      "name": "terraform_kv_admin",
      "provider": "provider[\"registry.terraform.io/hashicorp/azurerm\"]",
      "instances": [
        {
          "schema_version": 0,
          "attributes": {
            "condition": "",
            "condition_version": "",
            "delegated_managed_identity_resource_id": "",
            "description": "",
            "id": "/subscriptions/2c6d9f81-9262-4a26-896d-5f9506a3a339/resourceGroups/todo-rg-dev/providers/Microsoft.KeyVault/vaults/todo-kv-dev/providers/Microsoft.Authorization/roleAssignments/5e7c2a72-e607-32ea-8b08-fded2c362f4e",
            "name": "5e7c2a72-e607-32ea-8b08-fded2c362f4e",
            "principal_id": "98b84052-450f-48a8-9bba-2f1c9bb07c6a",
            "principal_type": "User",
            "role_definition_id": "/subscriptions/2c6d9f81-9262-4a26-896d-5f9506a3a339/providers/Microsoft.Authorization/roleDefinitions/00482a5a-887f-4fb3-b363-3b7fe8e74483",
            "role_definition_name": "Key Vault Administrator",
            "scope": "/subscriptions/2c6d9f81-9262-4a26-896d-5f9506a3a339/resourceGroups/todo-rg-dev/providers/Microsoft.KeyVault/vaults/todo-kv-dev",
            "skip_service_principal_aad_check": null,
            "timeouts": null
          },
          "sensitive_attributes": [],
          "private": "eyJlMmJmYjczMC1lY2FhLTExZTYtOGY4OC0zNDM2M2JjN2M0YzAiOnsiY3JlYXRlIjoxODAwMDAwMDAwMDAwLCJkZWxldGUiOjE4MDAwMDAwMDAwMDAsInJlYWQiOjMwMDAwMDAwMDAwMH19",
          "dependencies": [
            "azurerm_key_vault.main",
            "azurerm_resource_group.main",
            "data.azurerm_client_config.current"
          ]
        }
      ]
    },
    {
      "mode": "managed",
      "type": "azurerm_user_assigned_identity",
      "name": "aks_identity",
      "provider": "provider[\"registry.terraform.io/hashicorp/azurerm\"]",
      "instances": [
        {
          "schema_version": 1,
          "attributes": {
            "client_id": "6b3d4ea4-34cb-4764-9350-01fd4d1c2868",
            "id": "/subscriptions/2c6d9f81-9262-4a26-896d-5f9506a3a339/resourceGroups/todo-rg-dev/providers/Microsoft.ManagedIdentity/userAssignedIdentities/todo-aks-identity",
            "location": "canadacentral",
            "name": "todo-aks-identity",
            "principal_id": "becaf224-f7ec-4d9d-8269-a0cb376ac736",
            "resource_group_name": "todo-rg-dev",
            "tags": {},
            "tenant_id": "33f41344-f538-4bc2-8974-ea61752ae066",
            "timeouts": null
          },
          "sensitive_attributes": [],
          "private": "eyJlMmJmYjczMC1lY2FhLTExZTYtOGY4OC0zNDM2M2JjN2M0YzAiOnsiY3JlYXRlIjoxODAwMDAwMDAwMDAwLCJkZWxldGUiOjE4MDAwMDAwMDAwMDAsInJlYWQiOjMwMDAwMDAwMDAwMCwidXBkYXRlIjoxODAwMDAwMDAwMDAwfSwic2NoZW1hX3ZlcnNpb24iOiIxIn0=",
          "dependencies": [
            "azurerm_resource_group.main"
          ]
        }
      ]
    },
    {
      "mode": "managed",
      "type": "azurerm_user_assigned_identity",
      "name": "app",
      "provider": "provider[\"registry.terraform.io/hashicorp/azurerm\"]",
      "instances": [
        {
          "schema_version": 1,
          "attributes": {
            "client_id": "a2b0a256-8f62-4037-8502-ba54a71feb43",
            "id": "/subscriptions/2c6d9f81-9262-4a26-896d-5f9506a3a339/resourceGroups/todo-rg-dev/providers/Microsoft.ManagedIdentity/userAssignedIdentities/todo-app-identity",
            "location": "canadacentral",
            "name": "todo-app-identity",
            "principal_id": "e2ae854b-5da0-4061-849d-33d2c0fc7850",
            "resource_group_name": "todo-rg-dev",
            "tags": {},
            "tenant_id": "33f41344-f538-4bc2-8974-ea61752ae066",
            "timeouts": null
          },
          "sensitive_attributes": [],
          "private": "eyJlMmJmYjczMC1lY2FhLTExZTYtOGY4OC0zNDM2M2JjN2M0YzAiOnsiY3JlYXRlIjoxODAwMDAwMDAwMDAwLCJkZWxldGUiOjE4MDAwMDAwMDAwMDAsInJlYWQiOjMwMDAwMDAwMDAwMCwidXBkYXRlIjoxODAwMDAwMDAwMDAwfSwic2NoZW1hX3ZlcnNpb24iOiIxIn0=",
          "dependencies": [
            "azurerm_resource_group.main"
          ]
        }
      ]
    },
    {
      "mode": "managed",
      "type": "azurerm_user_assigned_identity",
      "name": "github_identity",
      "provider": "provider[\"registry.terraform.io/hashicorp/azurerm\"]",
      "instances": [
        {
          "schema_version": 1,
          "attributes": {
            "client_id": "c90413f3-cf67-41b9-a461-572408e2846d",
            "id": "/subscriptions/2c6d9f81-9262-4a26-896d-5f9506a3a339/resourceGroups/todo-rg-dev/providers/Microsoft.ManagedIdentity/userAssignedIdentities/todo-github-identity",
            "location": "canadacentral",
            "name": "todo-github-identity",
            "principal_id": "37b3e523-4f2c-4f44-81c8-3e34c367e4de",
            "resource_group_name": "todo-rg-dev",
            "tags": {},
            "tenant_id": "33f41344-f538-4bc2-8974-ea61752ae066",
            "timeouts": null
          },
          "sensitive_attributes": [],
          "private": "eyJlMmJmYjczMC1lY2FhLTExZTYtOGY4OC0zNDM2M2JjN2M0YzAiOnsiY3JlYXRlIjoxODAwMDAwMDAwMDAwLCJkZWxldGUiOjE4MDAwMDAwMDAwMDAsInJlYWQiOjMwMDAwMDAwMDAwMCwidXBkYXRlIjoxODAwMDAwMDAwMDAwfSwic2NoZW1hX3ZlcnNpb24iOiIxIn0=",
          "dependencies": [
            "azurerm_resource_group.main"
          ]
        }
      ]
    },
    {
      "mode": "managed",
      "type": "random_integer",
      "name": "suffix",
      "provider": "provider[\"registry.terraform.io/hashicorp/random\"]",
      "instances": [
        {
          "schema_version": 0,
          "attributes": {
            "id": "33999",
            "keepers": null,
            "max": 99999,
            "min": 10000,
            "result": 33999,
            "seed": null
          },
          "sensitive_attributes": []
        }
      ]
    }
  ],
  "check_results": null
}
